// !$*UTF8*$!
{
	archiveVersion = 1;
	classes = {
	};
	objectVersion = 46;
	objects = {

/* Begin PBXBuildFile section */
		AF4C67231ACE3991007FF5BF /* btn_about.png in Resources */ = {isa = PBXBuildFile; fileRef = AF4C67161ACE3991007FF5BF /* btn_about.png */; };
		AF4C67241ACE3991007FF5BF /* bg_clock.png in Resources */ = {isa = PBXBuildFile; fileRef = AF4C67171ACE3991007FF5BF /* bg_clock.png */; };
		AF4C67251ACE3991007FF5BF /* bg_lose.png in Resources */ = {isa = PBXBuildFile; fileRef = AF4C67181ACE3991007FF5BF /* bg_lose.png */; };
		AF4C67261ACE3991007FF5BF /* bg_main.png in Resources */ = {isa = PBXBuildFile; fileRef = AF4C67191ACE3991007FF5BF /* bg_main.png */; };
		AF4C67281ACE3991007FF5BF /* bg_win.png in Resources */ = {isa = PBXBuildFile; fileRef = AF4C671B1ACE3991007FF5BF /* bg_win.png */; };
		AF4C67291ACE3991007FF5BF /* btn_fb.png in Resources */ = {isa = PBXBuildFile; fileRef = AF4C671C1ACE3991007FF5BF /* btn_fb.png */; };
		AF4C672A1ACE3991007FF5BF /* btn_home.png in Resources */ = {isa = PBXBuildFile; fileRef = AF4C671D1ACE3991007FF5BF /* btn_home.png */; };
		AF4C672B1ACE3991007FF5BF /* btn_mute.png in Resources */ = {isa = PBXBuildFile; fileRef = AF4C671E1ACE3991007FF5BF /* btn_mute.png */; };
		AF4C672D1ACE3991007FF5BF /* btn_play.png in Resources */ = {isa = PBXBuildFile; fileRef = AF4C67201ACE3991007FF5BF /* btn_play.png */; };
		AF4C672E1ACE3991007FF5BF /* btn_replay.png in Resources */ = {isa = PBXBuildFile; fileRef = AF4C67211ACE3991007FF5BF /* btn_replay.png */; };
		AF4C672F1ACE3991007FF5BF /* btn_unmute.png in Resources */ = {isa = PBXBuildFile; fileRef = AF4C67221ACE3991007FF5BF /* btn_unmute.png */; };
		AF4C67311ACE3DA6007FF5BF /* btn_back.png in Resources */ = {isa = PBXBuildFile; fileRef = AF4C67301ACE3DA6007FF5BF /* btn_back.png */; };
		AF4C67331ACE8C3D007FF5BF /* btn_statistics.png in Resources */ = {isa = PBXBuildFile; fileRef = AF4C67321ACE8C3D007FF5BF /* btn_statistics.png */; };
		AF4C67351ACE95F8007FF5BF /* Data.plist in Resources */ = {isa = PBXBuildFile; fileRef = AF4C67341ACE95F8007FF5BF /* Data.plist */; };
		AF4C67381ACE9797007FF5BF /* StatisticsViewController.m in Sources */ = {isa = PBXBuildFile; fileRef = AF4C67371ACE9797007FF5BF /* StatisticsViewController.m */; };
		AF880EEC1ACFA35200E5397A /* GameKit.framework in Frameworks */ = {isa = PBXBuildFile; fileRef = AF880EEB1ACFA35200E5397A /* GameKit.framework */; };
		AF91D1E11ACC4785009A1B12 /* main.m in Sources */ = {isa = PBXBuildFile; fileRef = AF91D1E01ACC4785009A1B12 /* main.m */; };
		AF91D1E41ACC4785009A1B12 /* AppDelegate.m in Sources */ = {isa = PBXBuildFile; fileRef = AF91D1E31ACC4785009A1B12 /* AppDelegate.m */; };
		AF91D1E71ACC4785009A1B12 /* HomeViewController.m in Sources */ = {isa = PBXBuildFile; fileRef = AF91D1E61ACC4785009A1B12 /* HomeViewController.m */; };
		AF91D1EA1ACC4785009A1B12 /* Main.storyboard in Resources */ = {isa = PBXBuildFile; fileRef = AF91D1E81ACC4785009A1B12 /* Main.storyboard */; };
		AF91D1EC1ACC4785009A1B12 /* Images.xcassets in Resources */ = {isa = PBXBuildFile; fileRef = AF91D1EB1ACC4785009A1B12 /* Images.xcassets */; };
		AF91D1EF1ACC4785009A1B12 /* LaunchScreen.xib in Resources */ = {isa = PBXBuildFile; fileRef = AF91D1ED1ACC4785009A1B12 /* LaunchScreen.xib */; };
		AF91D1FB1ACC4785009A1B12 /* _00NumbersTests.m in Sources */ = {isa = PBXBuildFile; fileRef = AF91D1FA1ACC4785009A1B12 /* _00NumbersTests.m */; };
		AF91D2061ACC5B77009A1B12 /* SinglePlayerViewController.m in Sources */ = {isa = PBXBuildFile; fileRef = AF91D2051ACC5B77009A1B12 /* SinglePlayerViewController.m */; };
		AF91D2091ACC5BB2009A1B12 /* TwoPalyersViewController.m in Sources */ = {isa = PBXBuildFile; fileRef = AF91D2081ACC5BB2009A1B12 /* TwoPalyersViewController.m */; };
		AF91D20C1ACC5BD0009A1B12 /* SingleResultViewController.m in Sources */ = {isa = PBXBuildFile; fileRef = AF91D20B1ACC5BD0009A1B12 /* SingleResultViewController.m */; };
		AF91D20F1ACC5BEF009A1B12 /* AboutViewController.m in Sources */ = {isa = PBXBuildFile; fileRef = AF91D20E1ACC5BEF009A1B12 /* AboutViewController.m */; };
		AFDFB4421ACCF3130007C5A9 /* SoundController.m in Sources */ = {isa = PBXBuildFile; fileRef = AFDFB4411ACCF3130007C5A9 /* SoundController.m */; };
		AFDFB44E1ACCF8570007C5A9 /* click.mp3 in Resources */ = {isa = PBXBuildFile; fileRef = AFDFB4441ACCF8570007C5A9 /* click.mp3 */; };
		AFDFB44F1ACCF8570007C5A9 /* congratulation.mp3 in Resources */ = {isa = PBXBuildFile; fileRef = AFDFB4451ACCF8570007C5A9 /* congratulation.mp3 */; };
		AFDFB4501ACCF8570007C5A9 /* correct.mp3 in Resources */ = {isa = PBXBuildFile; fileRef = AFDFB4461ACCF8570007C5A9 /* correct.mp3 */; };
		AFDFB4511ACCF8570007C5A9 /* gameover.mp3 in Resources */ = {isa = PBXBuildFile; fileRef = AFDFB4471ACCF8570007C5A9 /* gameover.mp3 */; };
		AFDFB4521ACCF8570007C5A9 /* LaunchScreen.xib in Resources */ = {isa = PBXBuildFile; fileRef = AFDFB4491ACCF8570007C5A9 /* LaunchScreen.xib */; };
		AFDFB4531ACCF8570007C5A9 /* Main.storyboard in Resources */ = {isa = PBXBuildFile; fileRef = AFDFB44B1ACCF8570007C5A9 /* Main.storyboard */; };
/* End PBXBuildFile section */

/* Begin PBXContainerItemProxy section */
		AF91D1F51ACC4785009A1B12 /* PBXContainerItemProxy */ = {
			isa = PBXContainerItemProxy;
			containerPortal = AF91D1D31ACC4785009A1B12 /* Project object */;
			proxyType = 1;
			remoteGlobalIDString = AF91D1DA1ACC4785009A1B12;
			remoteInfo = 100Numbers;
		};
/* End PBXContainerItemProxy section */

/* Begin PBXFileReference section */
		AF4C67161ACE3991007FF5BF /* btn_about.png */ = {isa = PBXFileReference; lastKnownFileType = image.png; path = btn_about.png; sourceTree = "<group>"; };
		AF4C67171ACE3991007FF5BF /* bg_clock.png */ = {isa = PBXFileReference; lastKnownFileType = image.png; path = bg_clock.png; sourceTree = "<group>"; };
		AF4C67181ACE3991007FF5BF /* bg_lose.png */ = {isa = PBXFileReference; lastKnownFileType = image.png; path = bg_lose.png; sourceTree = "<group>"; };
		AF4C67191ACE3991007FF5BF /* bg_main.png */ = {isa = PBXFileReference; lastKnownFileType = image.png; path = bg_main.png; sourceTree = "<group>"; };
		AF4C671B1ACE3991007FF5BF /* bg_win.png */ = {isa = PBXFileReference; lastKnownFileType = image.png; path = bg_win.png; sourceTree = "<group>"; };
		AF4C671C1ACE3991007FF5BF /* btn_fb.png */ = {isa = PBXFileReference; lastKnownFileType = image.png; path = btn_fb.png; sourceTree = "<group>"; };
		AF4C671D1ACE3991007FF5BF /* btn_home.png */ = {isa = PBXFileReference; lastKnownFileType = image.png; path = btn_home.png; sourceTree = "<group>"; };
		AF4C671E1ACE3991007FF5BF /* btn_mute.png */ = {isa = PBXFileReference; lastKnownFileType = image.png; path = btn_mute.png; sourceTree = "<group>"; };
		AF4C67201ACE3991007FF5BF /* btn_play.png */ = {isa = PBXFileReference; lastKnownFileType = image.png; path = btn_play.png; sourceTree = "<group>"; };
		AF4C67211ACE3991007FF5BF /* btn_replay.png */ = {isa = PBXFileReference; lastKnownFileType = image.png; path = btn_replay.png; sourceTree = "<group>"; };
		AF4C67221ACE3991007FF5BF /* btn_unmute.png */ = {isa = PBXFileReference; lastKnownFileType = image.png; path = btn_unmute.png; sourceTree = "<group>"; };
		AF4C67301ACE3DA6007FF5BF /* btn_back.png */ = {isa = PBXFileReference; lastKnownFileType = image.png; path = btn_back.png; sourceTree = "<group>"; };
		AF4C67321ACE8C3D007FF5BF /* btn_statistics.png */ = {isa = PBXFileReference; lastKnownFileType = image.png; path = btn_statistics.png; sourceTree = "<group>"; };
		AF4C67341ACE95F8007FF5BF /* Data.plist */ = {isa = PBXFileReference; fileEncoding = 4; lastKnownFileType = text.plist.xml; path = Data.plist; sourceTree = "<group>"; };
		AF4C67361ACE9797007FF5BF /* StatisticsViewController.h */ = {isa = PBXFileReference; fileEncoding = 4; lastKnownFileType = sourcecode.c.h; path = StatisticsViewController.h; sourceTree = "<group>"; };
		AF4C67371ACE9797007FF5BF /* StatisticsViewController.m */ = {isa = PBXFileReference; fileEncoding = 4; lastKnownFileType = sourcecode.c.objc; path = StatisticsViewController.m; sourceTree = "<group>"; };
		AF880EEB1ACFA35200E5397A /* GameKit.framework */ = {isa = PBXFileReference; lastKnownFileType = wrapper.framework; name = GameKit.framework; path = System/Library/Frameworks/GameKit.framework; sourceTree = SDKROOT; };
		AF91D1DB1ACC4785009A1B12 /* 100Numbers.app */ = {isa = PBXFileReference; explicitFileType = wrapper.application; includeInIndex = 0; path = 100Numbers.app; sourceTree = BUILT_PRODUCTS_DIR; };
		AF91D1DF1ACC4785009A1B12 /* Info.plist */ = {isa = PBXFileReference; lastKnownFileType = text.plist.xml; path = Info.plist; sourceTree = "<group>"; };
		AF91D1E01ACC4785009A1B12 /* main.m */ = {isa = PBXFileReference; lastKnownFileType = sourcecode.c.objc; path = main.m; sourceTree = "<group>"; };
		AF91D1E21ACC4785009A1B12 /* AppDelegate.h */ = {isa = PBXFileReference; lastKnownFileType = sourcecode.c.h; path = AppDelegate.h; sourceTree = "<group>"; };
		AF91D1E31ACC4785009A1B12 /* AppDelegate.m */ = {isa = PBXFileReference; lastKnownFileType = sourcecode.c.objc; path = AppDelegate.m; sourceTree = "<group>"; };
		AF91D1E51ACC4785009A1B12 /* HomeViewController.h */ = {isa = PBXFileReference; lastKnownFileType = sourcecode.c.h; path = HomeViewController.h; sourceTree = "<group>"; };
		AF91D1E61ACC4785009A1B12 /* HomeViewController.m */ = {isa = PBXFileReference; lastKnownFileType = sourcecode.c.objc; path = HomeViewController.m; sourceTree = "<group>"; };
		AF91D1E91ACC4785009A1B12 /* Base */ = {isa = PBXFileReference; lastKnownFileType = file.storyboard; name = Base; path = Base.lproj/Main.storyboard; sourceTree = "<group>"; };
		AF91D1EB1ACC4785009A1B12 /* Images.xcassets */ = {isa = PBXFileReference; lastKnownFileType = folder.assetcatalog; path = Images.xcassets; sourceTree = "<group>"; };
		AF91D1EE1ACC4785009A1B12 /* Base */ = {isa = PBXFileReference; lastKnownFileType = file.xib; name = Base; path = Base.lproj/LaunchScreen.xib; sourceTree = "<group>"; };
		AF91D1F41ACC4785009A1B12 /* 100NumbersTests.xctest */ = {isa = PBXFileReference; explicitFileType = wrapper.cfbundle; includeInIndex = 0; path = 100NumbersTests.xctest; sourceTree = BUILT_PRODUCTS_DIR; };
		AF91D1F91ACC4785009A1B12 /* Info.plist */ = {isa = PBXFileReference; lastKnownFileType = text.plist.xml; path = Info.plist; sourceTree = "<group>"; };
		AF91D1FA1ACC4785009A1B12 /* _00NumbersTests.m */ = {isa = PBXFileReference; lastKnownFileType = sourcecode.c.objc; path = _00NumbersTests.m; sourceTree = "<group>"; };
		AF91D2041ACC5B77009A1B12 /* SinglePlayerViewController.h */ = {isa = PBXFileReference; fileEncoding = 4; lastKnownFileType = sourcecode.c.h; path = SinglePlayerViewController.h; sourceTree = "<group>"; };
		AF91D2051ACC5B77009A1B12 /* SinglePlayerViewController.m */ = {isa = PBXFileReference; fileEncoding = 4; lastKnownFileType = sourcecode.c.objc; path = SinglePlayerViewController.m; sourceTree = "<group>"; };
		AF91D2071ACC5BB2009A1B12 /* TwoPalyersViewController.h */ = {isa = PBXFileReference; fileEncoding = 4; lastKnownFileType = sourcecode.c.h; path = TwoPalyersViewController.h; sourceTree = "<group>"; };
		AF91D2081ACC5BB2009A1B12 /* TwoPalyersViewController.m */ = {isa = PBXFileReference; fileEncoding = 4; lastKnownFileType = sourcecode.c.objc; path = TwoPalyersViewController.m; sourceTree = "<group>"; };
		AF91D20A1ACC5BD0009A1B12 /* SingleResultViewController.h */ = {isa = PBXFileReference; fileEncoding = 4; lastKnownFileType = sourcecode.c.h; path = SingleResultViewController.h; sourceTree = "<group>"; };
		AF91D20B1ACC5BD0009A1B12 /* SingleResultViewController.m */ = {isa = PBXFileReference; fileEncoding = 4; lastKnownFileType = sourcecode.c.objc; path = SingleResultViewController.m; sourceTree = "<group>"; };
		AF91D20D1ACC5BEF009A1B12 /* AboutViewController.h */ = {isa = PBXFileReference; fileEncoding = 4; lastKnownFileType = sourcecode.c.h; path = AboutViewController.h; sourceTree = "<group>"; };
		AF91D20E1ACC5BEF009A1B12 /* AboutViewController.m */ = {isa = PBXFileReference; fileEncoding = 4; lastKnownFileType = sourcecode.c.objc; path = AboutViewController.m; sourceTree = "<group>"; };
		AFDFB4401ACCF3130007C5A9 /* SoundController.h */ = {isa = PBXFileReference; fileEncoding = 4; lastKnownFileType = sourcecode.c.h; path = SoundController.h; sourceTree = "<group>"; };
		AFDFB4411ACCF3130007C5A9 /* SoundController.m */ = {isa = PBXFileReference; fileEncoding = 4; lastKnownFileType = sourcecode.c.objc; path = SoundController.m; sourceTree = "<group>"; };
		AFDFB4441ACCF8570007C5A9 /* click.mp3 */ = {isa = PBXFileReference; lastKnownFileType = audio.mp3; path = click.mp3; sourceTree = "<group>"; };
		AFDFB4451ACCF8570007C5A9 /* congratulation.mp3 */ = {isa = PBXFileReference; lastKnownFileType = audio.mp3; path = congratulation.mp3; sourceTree = "<group>"; };
		AFDFB4461ACCF8570007C5A9 /* correct.mp3 */ = {isa = PBXFileReference; lastKnownFileType = audio.mp3; path = correct.mp3; sourceTree = "<group>"; };
		AFDFB4471ACCF8570007C5A9 /* gameover.mp3 */ = {isa = PBXFileReference; lastKnownFileType = audio.mp3; path = gameover.mp3; sourceTree = "<group>"; };
		AFDFB44A1ACCF8570007C5A9 /* Base */ = {isa = PBXFileReference; lastKnownFileType = file.xib; name = Base; path = LaunchScreen.xib; sourceTree = "<group>"; };
		AFDFB44C1ACCF8570007C5A9 /* Base */ = {isa = PBXFileReference; lastKnownFileType = file.storyboard; name = Base; path = Main.storyboard; sourceTree = "<group>"; };
/* End PBXFileReference section */

/* Begin PBXFrameworksBuildPhase section */
		AF91D1D81ACC4785009A1B12 /* Frameworks */ = {
			isa = PBXFrameworksBuildPhase;
			buildActionMask = 2147483647;
			files = (
				AF880EEC1ACFA35200E5397A /* GameKit.framework in Frameworks */,
			);
			runOnlyForDeploymentPostprocessing = 0;
		};
		AF91D1F11ACC4785009A1B12 /* Frameworks */ = {
			isa = PBXFrameworksBuildPhase;
			buildActionMask = 2147483647;
			files = (
			);
			runOnlyForDeploymentPostprocessing = 0;
		};
/* End PBXFrameworksBuildPhase section */

/* Begin PBXGroup section */
		AF91D1D21ACC4785009A1B12 = {
			isa = PBXGroup;
			children = (
				AF880EEB1ACFA35200E5397A /* GameKit.framework */,
				AF91D1DD1ACC4785009A1B12 /* 100Numbers */,
				AF91D1F71ACC4785009A1B12 /* 100NumbersTests */,
				AF91D1DC1ACC4785009A1B12 /* Products */,
			);
			sourceTree = "<group>";
		};
		AF91D1DC1ACC4785009A1B12 /* Products */ = {
			isa = PBXGroup;
			children = (
				AF91D1DB1ACC4785009A1B12 /* 100Numbers.app */,
				AF91D1F41ACC4785009A1B12 /* 100NumbersTests.xctest */,
			);
			name = Products;
			sourceTree = "<group>";
		};
		AF91D1DD1ACC4785009A1B12 /* 100Numbers */ = {
			isa = PBXGroup;
			children = (
				AF91D1E21ACC4785009A1B12 /* AppDelegate.h */,
				AF91D1E31ACC4785009A1B12 /* AppDelegate.m */,
				AFDFB4401ACCF3130007C5A9 /* SoundController.h */,
				AFDFB4411ACCF3130007C5A9 /* SoundController.m */,
				AF91D1E51ACC4785009A1B12 /* HomeViewController.h */,
				AF91D1E61ACC4785009A1B12 /* HomeViewController.m */,
				AF91D2041ACC5B77009A1B12 /* SinglePlayerViewController.h */,
				AF91D2051ACC5B77009A1B12 /* SinglePlayerViewController.m */,
				AF91D20A1ACC5BD0009A1B12 /* SingleResultViewController.h */,
				AF91D20B1ACC5BD0009A1B12 /* SingleResultViewController.m */,
				AF91D2071ACC5BB2009A1B12 /* TwoPalyersViewController.h */,
				AF91D2081ACC5BB2009A1B12 /* TwoPalyersViewController.m */,
				AF4C67361ACE9797007FF5BF /* StatisticsViewController.h */,
				AF4C67371ACE9797007FF5BF /* StatisticsViewController.m */,
				AF91D20D1ACC5BEF009A1B12 /* AboutViewController.h */,
				AF91D20E1ACC5BEF009A1B12 /* AboutViewController.m */,
				AF91D1E81ACC4785009A1B12 /* Main.storyboard */,
				AF91D1EB1ACC4785009A1B12 /* Images.xcassets */,
				AF91D1ED1ACC4785009A1B12 /* LaunchScreen.xib */,
				AF4C67341ACE95F8007FF5BF /* Data.plist */,
				AF91D1DE1ACC4785009A1B12 /* Supporting Files */,
			);
			path = 100Numbers;
			sourceTree = "<group>";
		};
		AF91D1DE1ACC4785009A1B12 /* Supporting Files */ = {
			isa = PBXGroup;
			children = (
				AFDFB4431ACCF8570007C5A9 /* audios */,
				AFDFB4481ACCF8570007C5A9 /* Base.lproj */,
				AFDFB44D1ACCF8570007C5A9 /* images */,
				AF91D1DF1ACC4785009A1B12 /* Info.plist */,
				AF91D1E01ACC4785009A1B12 /* main.m */,
			);
			name = "Supporting Files";
			sourceTree = "<group>";
		};
		AF91D1F71ACC4785009A1B12 /* 100NumbersTests */ = {
			isa = PBXGroup;
			children = (
				AF91D1FA1ACC4785009A1B12 /* _00NumbersTests.m */,
				AF91D1F81ACC4785009A1B12 /* Supporting Files */,
			);
			path = 100NumbersTests;
			sourceTree = "<group>";
		};
		AF91D1F81ACC4785009A1B12 /* Supporting Files */ = {
			isa = PBXGroup;
			children = (
				AF91D1F91ACC4785009A1B12 /* Info.plist */,
			);
			name = "Supporting Files";
			sourceTree = "<group>";
		};
		AFDFB4431ACCF8570007C5A9 /* audios */ = {
			isa = PBXGroup;
			children = (
				AFDFB4441ACCF8570007C5A9 /* click.mp3 */,
				AFDFB4451ACCF8570007C5A9 /* congratulation.mp3 */,
				AFDFB4461ACCF8570007C5A9 /* correct.mp3 */,
				AFDFB4471ACCF8570007C5A9 /* gameover.mp3 */,
			);
			path = audios;
			sourceTree = "<group>";
		};
		AFDFB4481ACCF8570007C5A9 /* Base.lproj */ = {
			isa = PBXGroup;
			children = (
				AFDFB4491ACCF8570007C5A9 /* LaunchScreen.xib */,
				AFDFB44B1ACCF8570007C5A9 /* Main.storyboard */,
			);
			path = Base.lproj;
			sourceTree = "<group>";
		};
		AFDFB44D1ACCF8570007C5A9 /* images */ = {
			isa = PBXGroup;
			children = (
				AF4C67321ACE8C3D007FF5BF /* btn_statistics.png */,
				AF4C67301ACE3DA6007FF5BF /* btn_back.png */,
				AF4C67161ACE3991007FF5BF /* btn_about.png */,
				AF4C67171ACE3991007FF5BF /* bg_clock.png */,
				AF4C67181ACE3991007FF5BF /* bg_lose.png */,
				AF4C67191ACE3991007FF5BF /* bg_main.png */,
				AF4C671B1ACE3991007FF5BF /* bg_win.png */,
				AF4C671C1ACE3991007FF5BF /* btn_fb.png */,
				AF4C671D1ACE3991007FF5BF /* btn_home.png */,
				AF4C671E1ACE3991007FF5BF /* btn_mute.png */,
				AF4C67201ACE3991007FF5BF /* btn_play.png */,
				AF4C67211ACE3991007FF5BF /* btn_replay.png */,
				AF4C67221ACE3991007FF5BF /* btn_unmute.png */,
			);
			path = images;
			sourceTree = "<group>";
		};
/* End PBXGroup section */

/* Begin PBXNativeTarget section */
		AF91D1DA1ACC4785009A1B12 /* 100Numbers */ = {
			isa = PBXNativeTarget;
			buildConfigurationList = AF91D1FE1ACC4785009A1B12 /* Build configuration list for PBXNativeTarget "100Numbers" */;
			buildPhases = (
				AF91D1D71ACC4785009A1B12 /* Sources */,
				AF91D1D81ACC4785009A1B12 /* Frameworks */,
				AF91D1D91ACC4785009A1B12 /* Resources */,
			);
			buildRules = (
			);
			dependencies = (
			);
			name = 100Numbers;
			productName = 100Numbers;
			productReference = AF91D1DB1ACC4785009A1B12 /* 100Numbers.app */;
			productType = "com.apple.product-type.application";
		};
		AF91D1F31ACC4785009A1B12 /* 100NumbersTests */ = {
			isa = PBXNativeTarget;
			buildConfigurationList = AF91D2011ACC4785009A1B12 /* Build configuration list for PBXNativeTarget "100NumbersTests" */;
			buildPhases = (
				AF91D1F01ACC4785009A1B12 /* Sources */,
				AF91D1F11ACC4785009A1B12 /* Frameworks */,
				AF91D1F21ACC4785009A1B12 /* Resources */,
			);
			buildRules = (
			);
			dependencies = (
				AF91D1F61ACC4785009A1B12 /* PBXTargetDependency */,
			);
			name = 100NumbersTests;
			productName = 100NumbersTests;
			productReference = AF91D1F41ACC4785009A1B12 /* 100NumbersTests.xctest */;
			productType = "com.apple.product-type.bundle.unit-test";
		};
/* End PBXNativeTarget section */

/* Begin PBXProject section */
		AF91D1D31ACC4785009A1B12 /* Project object */ = {
			isa = PBXProject;
			attributes = {
				LastUpgradeCheck = 0620;
				ORGANIZATIONNAME = LapTrinhAlgo.Com;
				TargetAttributes = {
					AF91D1DA1ACC4785009A1B12 = {
						CreatedOnToolsVersion = 6.2;
						DevelopmentTeam = 9UR3AC9H38;
						SystemCapabilities = {
							com.apple.GameCenter = {
								enabled = 1;
							};
						};
					};
					AF91D1F31ACC4785009A1B12 = {
						CreatedOnToolsVersion = 6.2;
						TestTargetID = AF91D1DA1ACC4785009A1B12;
					};
				};
			};
			buildConfigurationList = AF91D1D61ACC4785009A1B12 /* Build configuration list for PBXProject "100Numbers" */;
			compatibilityVersion = "Xcode 3.2";
			developmentRegion = English;
			hasScannedForEncodings = 0;
			knownRegions = (
				en,
				Base,
			);
			mainGroup = AF91D1D21ACC4785009A1B12;
			productRefGroup = AF91D1DC1ACC4785009A1B12 /* Products */;
			projectDirPath = "";
			projectRoot = "";
			targets = (
				AF91D1DA1ACC4785009A1B12 /* 100Numbers */,
				AF91D1F31ACC4785009A1B12 /* 100NumbersTests */,
			);
		};
/* End PBXProject section */

/* Begin PBXResourcesBuildPhase section */
		AF91D1D91ACC4785009A1B12 /* Resources */ = {
			isa = PBXResourcesBuildPhase;
			buildActionMask = 2147483647;
			files = (
				AF4C672D1ACE3991007FF5BF /* btn_play.png in Resources */,
				AFDFB4511ACCF8570007C5A9 /* gameover.mp3 in Resources */,
				AFDFB44F1ACCF8570007C5A9 /* congratulation.mp3 in Resources */,
				AF4C67261ACE3991007FF5BF /* bg_main.png in Resources */,
				AF4C672F1ACE3991007FF5BF /* btn_unmute.png in Resources */,
				AF91D1EA1ACC4785009A1B12 /* Main.storyboard in Resources */,
				AF4C67351ACE95F8007FF5BF /* Data.plist in Resources */,
				AFDFB44E1ACCF8570007C5A9 /* click.mp3 in Resources */,
				AF4C672B1ACE3991007FF5BF /* btn_mute.png in Resources */,
				AFDFB4521ACCF8570007C5A9 /* LaunchScreen.xib in Resources */,
				AF4C67231ACE3991007FF5BF /* btn_about.png in Resources */,
				AF4C67281ACE3991007FF5BF /* bg_win.png in Resources */,
				AF4C67291ACE3991007FF5BF /* btn_fb.png in Resources */,
				AF91D1EF1ACC4785009A1B12 /* LaunchScreen.xib in Resources */,
				AF4C67311ACE3DA6007FF5BF /* btn_back.png in Resources */,
				AF4C67331ACE8C3D007FF5BF /* btn_statistics.png in Resources */,
				AFDFB4531ACCF8570007C5A9 /* Main.storyboard in Resources */,
				AF91D1EC1ACC4785009A1B12 /* Images.xcassets in Resources */,
				AF4C67251ACE3991007FF5BF /* bg_lose.png in Resources */,
				AF4C67241ACE3991007FF5BF /* bg_clock.png in Resources */,
				AF4C672E1ACE3991007FF5BF /* btn_replay.png in Resources */,
				AFDFB4501ACCF8570007C5A9 /* correct.mp3 in Resources */,
				AF4C672A1ACE3991007FF5BF /* btn_home.png in Resources */,
			);
			runOnlyForDeploymentPostprocessing = 0;
		};
		AF91D1F21ACC4785009A1B12 /* Resources */ = {
			isa = PBXResourcesBuildPhase;
			buildActionMask = 2147483647;
			files = (
			);
			runOnlyForDeploymentPostprocessing = 0;
		};
/* End PBXResourcesBuildPhase section */

/* Begin PBXSourcesBuildPhase section */
		AF91D1D71ACC4785009A1B12 /* Sources */ = {
			isa = PBXSourcesBuildPhase;
			buildActionMask = 2147483647;
			files = (
				AF4C67381ACE9797007FF5BF /* StatisticsViewController.m in Sources */,
				AF91D1E71ACC4785009A1B12 /* HomeViewController.m in Sources */,
				AFDFB4421ACCF3130007C5A9 /* SoundController.m in Sources */,
				AF91D20C1ACC5BD0009A1B12 /* SingleResultViewController.m in Sources */,
				AF91D1E41ACC4785009A1B12 /* AppDelegate.m in Sources */,
				AF91D20F1ACC5BEF009A1B12 /* AboutViewController.m in Sources */,
				AF91D1E11ACC4785009A1B12 /* main.m in Sources */,
				AF91D2061ACC5B77009A1B12 /* SinglePlayerViewController.m in Sources */,
				AF91D2091ACC5BB2009A1B12 /* TwoPalyersViewController.m in Sources */,
			);
			runOnlyForDeploymentPostprocessing = 0;
		};
		AF91D1F01ACC4785009A1B12 /* Sources */ = {
			isa = PBXSourcesBuildPhase;
			buildActionMask = 2147483647;
			files = (
				AF91D1FB1ACC4785009A1B12 /* _00NumbersTests.m in Sources */,
			);
			runOnlyForDeploymentPostprocessing = 0;
		};
/* End PBXSourcesBuildPhase section */

/* Begin PBXTargetDependency section */
		AF91D1F61ACC4785009A1B12 /* PBXTargetDependency */ = {
			isa = PBXTargetDependency;
			target = AF91D1DA1ACC4785009A1B12 /* 100Numbers */;
			targetProxy = AF91D1F51ACC4785009A1B12 /* PBXContainerItemProxy */;
		};
/* End PBXTargetDependency section */

/* Begin PBXVariantGroup section */
		AF91D1E81ACC4785009A1B12 /* Main.storyboard */ = {
			isa = PBXVariantGroup;
			children = (
				AF91D1E91ACC4785009A1B12 /* Base */,
			);
			name = Main.storyboard;
			sourceTree = "<group>";
		};
		AF91D1ED1ACC4785009A1B12 /* LaunchScreen.xib */ = {
			isa = PBXVariantGroup;
			children = (
				AF91D1EE1ACC4785009A1B12 /* Base */,
			);
			name = LaunchScreen.xib;
			sourceTree = "<group>";
		};
		AFDFB4491ACCF8570007C5A9 /* LaunchScreen.xib */ = {
			isa = PBXVariantGroup;
			children = (
				AFDFB44A1ACCF8570007C5A9 /* Base */,
			);
			name = LaunchScreen.xib;
			sourceTree = "<group>";
		};
		AFDFB44B1ACCF8570007C5A9 /* Main.storyboard */ = {
			isa = PBXVariantGroup;
			children = (
				AFDFB44C1ACCF8570007C5A9 /* Base */,
			);
			name = Main.storyboard;
			sourceTree = "<group>";
		};
/* End PBXVariantGroup section */

/* Begin XCBuildConfiguration section */
		AF91D1FC1ACC4785009A1B12 /* Debug */ = {
			isa = XCBuildConfiguration;
			buildSettings = {
				ALWAYS_SEARCH_USER_PATHS = NO;
				CLANG_CXX_LANGUAGE_STANDARD = "gnu++0x";
				CLANG_CXX_LIBRARY = "libc++";
				CLANG_ENABLE_MODULES = YES;
				CLANG_ENABLE_OBJC_ARC = YES;
				CLANG_WARN_BOOL_CONVERSION = YES;
				CLANG_WARN_CONSTANT_CONVERSION = YES;
				CLANG_WARN_DIRECT_OBJC_ISA_USAGE = YES_ERROR;
				CLANG_WARN_EMPTY_BODY = YES;
				CLANG_WARN_ENUM_CONVERSION = YES;
				CLANG_WARN_INT_CONVERSION = YES;
				CLANG_WARN_OBJC_ROOT_CLASS = YES_ERROR;
				CLANG_WARN_UNREACHABLE_CODE = YES;
				CLANG_WARN__DUPLICATE_METHOD_MATCH = YES;
				"CODE_SIGN_IDENTITY[sdk=iphoneos*]" = "iPhone Developer";
				COPY_PHASE_STRIP = NO;
				ENABLE_STRICT_OBJC_MSGSEND = YES;
				GCC_C_LANGUAGE_STANDARD = gnu99;
				GCC_DYNAMIC_NO_PIC = NO;
				GCC_OPTIMIZATION_LEVEL = 0;
				GCC_PREPROCESSOR_DEFINITIONS = (
					"DEBUG=1",
					"$(inherited)",
				);
				GCC_SYMBOLS_PRIVATE_EXTERN = NO;
				GCC_WARN_64_TO_32_BIT_CONVERSION = YES;
				GCC_WARN_ABOUT_RETURN_TYPE = YES_ERROR;
				GCC_WARN_UNDECLARED_SELECTOR = YES;
				GCC_WARN_UNINITIALIZED_AUTOS = YES_AGGRESSIVE;
				GCC_WARN_UNUSED_FUNCTION = YES;
				GCC_WARN_UNUSED_VARIABLE = YES;
				IPHONEOS_DEPLOYMENT_TARGET = 8.2;
				MTL_ENABLE_DEBUG_INFO = YES;
				ONLY_ACTIVE_ARCH = YES;
				SDKROOT = iphoneos;
			};
			name = Debug;
		};
		AF91D1FD1ACC4785009A1B12 /* Release */ = {
			isa = XCBuildConfiguration;
			buildSettings = {
				ALWAYS_SEARCH_USER_PATHS = NO;
				CLANG_CXX_LANGUAGE_STANDARD = "gnu++0x";
				CLANG_CXX_LIBRARY = "libc++";
				CLANG_ENABLE_MODULES = YES;
				CLANG_ENABLE_OBJC_ARC = YES;
				CLANG_WARN_BOOL_CONVERSION = YES;
				CLANG_WARN_CONSTANT_CONVERSION = YES;
				CLANG_WARN_DIRECT_OBJC_ISA_USAGE = YES_ERROR;
				CLANG_WARN_EMPTY_BODY = YES;
				CLANG_WARN_ENUM_CONVERSION = YES;
				CLANG_WARN_INT_CONVERSION = YES;
				CLANG_WARN_OBJC_ROOT_CLASS = YES_ERROR;
				CLANG_WARN_UNREACHABLE_CODE = YES;
				CLANG_WARN__DUPLICATE_METHOD_MATCH = YES;
				"CODE_SIGN_IDENTITY[sdk=iphoneos*]" = "iPhone Developer";
				COPY_PHASE_STRIP = NO;
				ENABLE_NS_ASSERTIONS = NO;
				ENABLE_STRICT_OBJC_MSGSEND = YES;
				GCC_C_LANGUAGE_STANDARD = gnu99;
				GCC_WARN_64_TO_32_BIT_CONVERSION = YES;
				GCC_WARN_ABOUT_RETURN_TYPE = YES_ERROR;
				GCC_WARN_UNDECLARED_SELECTOR = YES;
				GCC_WARN_UNINITIALIZED_AUTOS = YES_AGGRESSIVE;
				GCC_WARN_UNUSED_FUNCTION = YES;
				GCC_WARN_UNUSED_VARIABLE = YES;
				IPHONEOS_DEPLOYMENT_TARGET = 8.2;
				MTL_ENABLE_DEBUG_INFO = NO;
				SDKROOT = iphoneos;
				VALIDATE_PRODUCT = YES;
			};
			name = Release;
		};
		AF91D1FF1ACC4785009A1B12 /* Debug */ = {
			isa = XCBuildConfiguration;
			buildSettings = {
				ASSETCATALOG_COMPILER_APPICON_NAME = AppIcon;
				CODE_SIGN_IDENTITY = "iPhone Developer";
				"CODE_SIGN_IDENTITY[sdk=iphoneos*]" = "iPhone Developer";
				INFOPLIST_FILE = 100Numbers/Info.plist;
				IPHONEOS_DEPLOYMENT_TARGET = 7.0;
				LD_RUNPATH_SEARCH_PATHS = "$(inherited) @executable_path/Frameworks";
				PRODUCT_NAME = "$(TARGET_NAME)";
				PROVISIONING_PROFILE = "";
			};
			name = Debug;
		};
		AF91D2001ACC4785009A1B12 /* Release */ = {
			isa = XCBuildConfiguration;
			buildSettings = {
				ASSETCATALOG_COMPILER_APPICON_NAME = AppIcon;
				CODE_SIGN_IDENTITY = "iPhone Developer";
				"CODE_SIGN_IDENTITY[sdk=iphoneos*]" = "iPhone Developer";
				INFOPLIST_FILE = 100Numbers/Info.plist;
				IPHONEOS_DEPLOYMENT_TARGET = 7.0;
				LD_RUNPATH_SEARCH_PATHS = "$(inherited) @executable_path/Frameworks";
				PRODUCT_NAME = "$(TARGET_NAME)";
				PROVISIONING_PROFILE = "";
			};
			name = Release;
		};
		AF91D2021ACC4785009A1B12 /* Debug */ = {
			isa = XCBuildConfiguration;
			buildSettings = {
				BUNDLE_LOADER = "$(TEST_HOST)";
				FRAMEWORK_SEARCH_PATHS = (
					"$(SDKROOT)/Developer/Library/Frameworks",
					"$(inherited)",
				);
				GCC_PREPROCESSOR_DEFINITIONS = (
					"DEBUG=1",
					"$(inherited)",
				);
				INFOPLIST_FILE = 100NumbersTests/Info.plist;
				LD_RUNPATH_SEARCH_PATHS = "$(inherited) @executable_path/Frameworks @loader_path/Frameworks";
				PRODUCT_NAME = "$(TARGET_NAME)";
				TEST_HOST = "$(BUILT_PRODUCTS_DIR)/100Numbers.app/100Numbers";
			};
			name = Debug;
		};
		AF91D2031ACC4785009A1B12 /* Release */ = {
			isa = XCBuildConfiguration;
			buildSettings = {
				BUNDLE_LOADER = "$(TEST_HOST)";
				FRAMEWORK_SEARCH_PATHS = (
					"$(SDKROOT)/Developer/Library/Frameworks",
					"$(inherited)",
				);
				INFOPLIST_FILE = 100NumbersTests/Info.plist;
				LD_RUNPATH_SEARCH_PATHS = "$(inherited) @executable_path/Frameworks @loader_path/Frameworks";
				PRODUCT_NAME = "$(TARGET_NAME)";
				TEST_HOST = "$(BUILT_PRODUCTS_DIR)/100Numbers.app/100Numbers";
			};
			name = Release;
		};
/* End XCBuildConfiguration section */

/* Begin XCConfigurationList section */
		AF91D1D61ACC4785009A1B12 /* Build configuration list for PBXProject "100Numbers" */ = {
			isa = XCConfigurationList;
			buildConfigurations = (
				AF91D1FC1ACC4785009A1B12 /* Debug */,
				AF91D1FD1ACC4785009A1B12 /* Release */,
			);
			defaultConfigurationIsVisible = 0;
			defaultConfigurationName = Release;
		};
		AF91D1FE1ACC4785009A1B12 /* Build configuration list for PBXNativeTarget "100Numbers" */ = {
			isa = XCConfigurationList;
			buildConfigurations = (
				AF91D1FF1ACC4785009A1B12 /* Debug */,
				AF91D2001ACC4785009A1B12 /* Release */,
			);
			defaultConfigurationIsVisible = 0;
			defaultConfigurationName = Release;
		};
		AF91D2011ACC4785009A1B12 /* Build configuration list for PBXNativeTarget "100NumbersTests" */ = {
			isa = XCConfigurationList;
			buildConfigurations = (
				AF91D2021ACC4785009A1B12 /* Debug */,
				AF91D2031ACC4785009A1B12 /* Release */,
			);
			defaultConfigurationIsVisible = 0;
			defaultConfigurationName = Release;
		};
/* End XCConfigurationList section */
	};
	rootObject = AF91D1D31ACC4785009A1B12 /* Project object */;
}
