// !$*UTF8*$!
{
	archiveVersion = 1;
	classes = {
	};
	objectVersion = 46;
	objects = {

/* Begin PBXBuildFile section */
		AF0F0E401AE3F8C800F13AA2 /* main.m in Sources */ = {isa = PBXBuildFile; fileRef = AF0F0E3F1AE3F8C800F13AA2 /* main.m */; };
		AF0F0E431AE3F8C800F13AA2 /* AppDelegate.m in Sources */ = {isa = PBXBuildFile; fileRef = AF0F0E421AE3F8C800F13AA2 /* AppDelegate.m */; };
		AF0F0E461AE3F8C800F13AA2 /* ViewController.m in Sources */ = {isa = PBXBuildFile; fileRef = AF0F0E451AE3F8C800F13AA2 /* ViewController.m */; };
		AF0F0E491AE3F8C800F13AA2 /* Main.storyboard in Resources */ = {isa = PBXBuildFile; fileRef = AF0F0E471AE3F8C800F13AA2 /* Main.storyboard */; };
		AF0F0E4B1AE3F8C800F13AA2 /* Images.xcassets in Resources */ = {isa = PBXBuildFile; fileRef = AF0F0E4A1AE3F8C800F13AA2 /* Images.xcassets */; };
		AF0F0E4E1AE3F8C800F13AA2 /* LaunchScreen.xib in Resources */ = {isa = PBXBuildFile; fileRef = AF0F0E4C1AE3F8C800F13AA2 /* LaunchScreen.xib */; };
		AF0F0E5A1AE3F8C800F13AA2 /* InsertDoDanGianTests.m in Sources */ = {isa = PBXBuildFile; fileRef = AF0F0E591AE3F8C800F13AA2 /* InsertDoDanGianTests.m */; };
		AF0F0E641AE3F8D400F13AA2 /* libsqlite3.dylib in Frameworks */ = {isa = PBXBuildFile; fileRef = AF0F0E631AE3F8D400F13AA2 /* libsqlite3.dylib */; };
		AF0F0E6A1AE4018B00F13AA2 /* DBManager.m in Sources */ = {isa = PBXBuildFile; fileRef = AF0F0E691AE4018B00F13AA2 /* DBManager.m */; };
		AF0F0E6C1AE4080400F13AA2 /* DoDanGian.sql in Resources */ = {isa = PBXBuildFile; fileRef = AF0F0E6B1AE4080400F13AA2 /* DoDanGian.sql */; };
/* End PBXBuildFile section */

/* Begin PBXContainerItemProxy section */
		AF0F0E541AE3F8C800F13AA2 /* PBXContainerItemProxy */ = {
			isa = PBXContainerItemProxy;
			containerPortal = AF0F0E321AE3F8C800F13AA2 /* Project object */;
			proxyType = 1;
			remoteGlobalIDString = AF0F0E391AE3F8C800F13AA2;
			remoteInfo = InsertDoDanGian;
		};
/* End PBXContainerItemProxy section */

/* Begin PBXFileReference section */
		AF0F0E3A1AE3F8C800F13AA2 /* InsertDoDanGian.app */ = {isa = PBXFileReference; explicitFileType = wrapper.application; includeInIndex = 0; path = InsertDoDanGian.app; sourceTree = BUILT_PRODUCTS_DIR; };
		AF0F0E3E1AE3F8C800F13AA2 /* Info.plist */ = {isa = PBXFileReference; lastKnownFileType = text.plist.xml; path = Info.plist; sourceTree = "<group>"; };
		AF0F0E3F1AE3F8C800F13AA2 /* main.m */ = {isa = PBXFileReference; lastKnownFileType = sourcecode.c.objc; path = main.m; sourceTree = "<group>"; };
		AF0F0E411AE3F8C800F13AA2 /* AppDelegate.h */ = {isa = PBXFileReference; lastKnownFileType = sourcecode.c.h; path = AppDelegate.h; sourceTree = "<group>"; };
		AF0F0E421AE3F8C800F13AA2 /* AppDelegate.m */ = {isa = PBXFileReference; lastKnownFileType = sourcecode.c.objc; path = AppDelegate.m; sourceTree = "<group>"; };
		AF0F0E441AE3F8C800F13AA2 /* ViewController.h */ = {isa = PBXFileReference; lastKnownFileType = sourcecode.c.h; path = ViewController.h; sourceTree = "<group>"; };
		AF0F0E451AE3F8C800F13AA2 /* ViewController.m */ = {isa = PBXFileReference; lastKnownFileType = sourcecode.c.objc; path = ViewController.m; sourceTree = "<group>"; };
		AF0F0E481AE3F8C800F13AA2 /* Base */ = {isa = PBXFileReference; lastKnownFileType = file.storyboard; name = Base; path = Base.lproj/Main.storyboard; sourceTree = "<group>"; };
		AF0F0E4A1AE3F8C800F13AA2 /* Images.xcassets */ = {isa = PBXFileReference; lastKnownFileType = folder.assetcatalog; path = Images.xcassets; sourceTree = "<group>"; };
		AF0F0E4D1AE3F8C800F13AA2 /* Base */ = {isa = PBXFileReference; lastKnownFileType = file.xib; name = Base; path = Base.lproj/LaunchScreen.xib; sourceTree = "<group>"; };
		AF0F0E531AE3F8C800F13AA2 /* InsertDoDanGianTests.xctest */ = {isa = PBXFileReference; explicitFileType = wrapper.cfbundle; includeInIndex = 0; path = InsertDoDanGianTests.xctest; sourceTree = BUILT_PRODUCTS_DIR; };
		AF0F0E581AE3F8C800F13AA2 /* Info.plist */ = {isa = PBXFileReference; lastKnownFileType = text.plist.xml; path = Info.plist; sourceTree = "<group>"; };
		AF0F0E591AE3F8C800F13AA2 /* InsertDoDanGianTests.m */ = {isa = PBXFileReference; lastKnownFileType = sourcecode.c.objc; path = InsertDoDanGianTests.m; sourceTree = "<group>"; };
		AF0F0E631AE3F8D400F13AA2 /* libsqlite3.dylib */ = {isa = PBXFileReference; lastKnownFileType = "compiled.mach-o.dylib"; name = libsqlite3.dylib; path = usr/lib/libsqlite3.dylib; sourceTree = SDKROOT; };
		AF0F0E681AE4018B00F13AA2 /* DBManager.h */ = {isa = PBXFileReference; fileEncoding = 4; lastKnownFileType = sourcecode.c.h; path = DBManager.h; sourceTree = "<group>"; };
		AF0F0E691AE4018B00F13AA2 /* DBManager.m */ = {isa = PBXFileReference; fileEncoding = 4; lastKnownFileType = sourcecode.c.objc; path = DBManager.m; sourceTree = "<group>"; };
		AF0F0E6B1AE4080400F13AA2 /* DoDanGian.sql */ = {isa = PBXFileReference; lastKnownFileType = file; path = DoDanGian.sql; sourceTree = "<group>"; };
/* End PBXFileReference section */

/* Begin PBXFrameworksBuildPhase section */
		AF0F0E371AE3F8C800F13AA2 /* Frameworks */ = {
			isa = PBXFrameworksBuildPhase;
			buildActionMask = 2147483647;
			files = (
				AF0F0E641AE3F8D400F13AA2 /* libsqlite3.dylib in Frameworks */,
			);
			runOnlyForDeploymentPostprocessing = 0;
		};
		AF0F0E501AE3F8C800F13AA2 /* Frameworks */ = {
			isa = PBXFrameworksBuildPhase;
			buildActionMask = 2147483647;
			files = (
			);
			runOnlyForDeploymentPostprocessing = 0;
		};
/* End PBXFrameworksBuildPhase section */

/* Begin PBXGroup section */
		AF0F0E311AE3F8C800F13AA2 = {
			isa = PBXGroup;
			children = (
				AF0F0E631AE3F8D400F13AA2 /* libsqlite3.dylib */,
				AF0F0E3C1AE3F8C800F13AA2 /* InsertDoDanGian */,
				AF0F0E561AE3F8C800F13AA2 /* InsertDoDanGianTests */,
				AF0F0E3B1AE3F8C800F13AA2 /* Products */,
			);
			sourceTree = "<group>";
		};
		AF0F0E3B1AE3F8C800F13AA2 /* Products */ = {
			isa = PBXGroup;
			children = (
				AF0F0E3A1AE3F8C800F13AA2 /* InsertDoDanGian.app */,
				AF0F0E531AE3F8C800F13AA2 /* InsertDoDanGianTests.xctest */,
			);
			name = Products;
			sourceTree = "<group>";
		};
		AF0F0E3C1AE3F8C800F13AA2 /* InsertDoDanGian */ = {
			isa = PBXGroup;
			children = (
				AF0F0E6B1AE4080400F13AA2 /* DoDanGian.sql */,
				AF0F0E411AE3F8C800F13AA2 /* AppDelegate.h */,
				AF0F0E421AE3F8C800F13AA2 /* AppDelegate.m */,
				AF0F0E441AE3F8C800F13AA2 /* ViewController.h */,
				AF0F0E451AE3F8C800F13AA2 /* ViewController.m */,
				AF0F0E471AE3F8C800F13AA2 /* Main.storyboard */,
				AF0F0E4A1AE3F8C800F13AA2 /* Images.xcassets */,
				AF0F0E4C1AE3F8C800F13AA2 /* LaunchScreen.xib */,
				AF0F0E3D1AE3F8C800F13AA2 /* Supporting Files */,
				AF0F0E681AE4018B00F13AA2 /* DBManager.h */,
				AF0F0E691AE4018B00F13AA2 /* DBManager.m */,
			);
			path = InsertDoDanGian;
			sourceTree = "<group>";
		};
		AF0F0E3D1AE3F8C800F13AA2 /* Supporting Files */ = {
			isa = PBXGroup;
			children = (
				AF0F0E3E1AE3F8C800F13AA2 /* Info.plist */,
				AF0F0E3F1AE3F8C800F13AA2 /* main.m */,
			);
			name = "Supporting Files";
			sourceTree = "<group>";
		};
		AF0F0E561AE3F8C800F13AA2 /* InsertDoDanGianTests */ = {
			isa = PBXGroup;
			children = (
				AF0F0E591AE3F8C800F13AA2 /* InsertDoDanGianTests.m */,
				AF0F0E571AE3F8C800F13AA2 /* Supporting Files */,
			);
			path = InsertDoDanGianTests;
			sourceTree = "<group>";
		};
		AF0F0E571AE3F8C800F13AA2 /* Supporting Files */ = {
			isa = PBXGroup;
			children = (
				AF0F0E581AE3F8C800F13AA2 /* Info.plist */,
			);
			name = "Supporting Files";
			sourceTree = "<group>";
		};
/* End PBXGroup section */

/* Begin PBXNativeTarget section */
		AF0F0E391AE3F8C800F13AA2 /* InsertDoDanGian */ = {
			isa = PBXNativeTarget;
			buildConfigurationList = AF0F0E5D1AE3F8C800F13AA2 /* Build configuration list for PBXNativeTarget "InsertDoDanGian" */;
			buildPhases = (
				AF0F0E361AE3F8C800F13AA2 /* Sources */,
				AF0F0E371AE3F8C800F13AA2 /* Frameworks */,
				AF0F0E381AE3F8C800F13AA2 /* Resources */,
			);
			buildRules = (
			);
			dependencies = (
			);
			name = InsertDoDanGian;
			productName = InsertDoDanGian;
			productReference = AF0F0E3A1AE3F8C800F13AA2 /* InsertDoDanGian.app */;
			productType = "com.apple.product-type.application";
		};
		AF0F0E521AE3F8C800F13AA2 /* InsertDoDanGianTests */ = {
			isa = PBXNativeTarget;
			buildConfigurationList = AF0F0E601AE3F8C800F13AA2 /* Build configuration list for PBXNativeTarget "InsertDoDanGianTests" */;
			buildPhases = (
				AF0F0E4F1AE3F8C800F13AA2 /* Sources */,
				AF0F0E501AE3F8C800F13AA2 /* Frameworks */,
				AF0F0E511AE3F8C800F13AA2 /* Resources */,
			);
			buildRules = (
			);
			dependencies = (
				AF0F0E551AE3F8C800F13AA2 /* PBXTargetDependency */,
			);
			name = InsertDoDanGianTests;
			productName = InsertDoDanGianTests;
			productReference = AF0F0E531AE3F8C800F13AA2 /* InsertDoDanGianTests.xctest */;
			productType = "com.apple.product-type.bundle.unit-test";
		};
/* End PBXNativeTarget section */

/* Begin PBXProject section */
		AF0F0E321AE3F8C800F13AA2 /* Project object */ = {
			isa = PBXProject;
			attributes = {
				LastUpgradeCheck = 0630;
				ORGANIZATIONNAME = "Binh Du ";
				TargetAttributes = {
					AF0F0E391AE3F8C800F13AA2 = {
						CreatedOnToolsVersion = 6.3;
					};
					AF0F0E521AE3F8C800F13AA2 = {
						CreatedOnToolsVersion = 6.3;
						TestTargetID = AF0F0E391AE3F8C800F13AA2;
					};
				};
			};
			buildConfigurationList = AF0F0E351AE3F8C800F13AA2 /* Build configuration list for PBXProject "InsertDoDanGian" */;
			compatibilityVersion = "Xcode 3.2";
			developmentRegion = English;
			hasScannedForEncodings = 0;
			knownRegions = (
				en,
				Base,
			);
			mainGroup = AF0F0E311AE3F8C800F13AA2;
			productRefGroup = AF0F0E3B1AE3F8C800F13AA2 /* Products */;
			projectDirPath = "";
			projectRoot = "";
			targets = (
				AF0F0E391AE3F8C800F13AA2 /* InsertDoDanGian */,
				AF0F0E521AE3F8C800F13AA2 /* InsertDoDanGianTests */,
			);
		};
/* End PBXProject section */

/* Begin PBXResourcesBuildPhase section */
		AF0F0E381AE3F8C800F13AA2 /* Resources */ = {
			isa = PBXResourcesBuildPhase;
			buildActionMask = 2147483647;
			files = (
				AF0F0E6C1AE4080400F13AA2 /* DoDanGian.sql in Resources */,
				AF0F0E491AE3F8C800F13AA2 /* Main.storyboard in Resources */,
				AF0F0E4E1AE3F8C800F13AA2 /* LaunchScreen.xib in Resources */,
				AF0F0E4B1AE3F8C800F13AA2 /* Images.xcassets in Resources */,
			);
			runOnlyForDeploymentPostprocessing = 0;
		};
		AF0F0E511AE3F8C800F13AA2 /* Resources */ = {
			isa = PBXResourcesBuildPhase;
			buildActionMask = 2147483647;
			files = (
			);
			runOnlyForDeploymentPostprocessing = 0;
		};
/* End PBXResourcesBuildPhase section */

/* Begin PBXSourcesBuildPhase section */
		AF0F0E361AE3F8C800F13AA2 /* Sources */ = {
			isa = PBXSourcesBuildPhase;
			buildActionMask = 2147483647;
			files = (
				AF0F0E461AE3F8C800F13AA2 /* ViewController.m in Sources */,
				AF0F0E431AE3F8C800F13AA2 /* AppDelegate.m in Sources */,
				AF0F0E401AE3F8C800F13AA2 /* main.m in Sources */,
				AF0F0E6A1AE4018B00F13AA2 /* DBManager.m in Sources */,
			);
			runOnlyForDeploymentPostprocessing = 0;
		};
		AF0F0E4F1AE3F8C800F13AA2 /* Sources */ = {
			isa = PBXSourcesBuildPhase;
			buildActionMask = 2147483647;
			files = (
				AF0F0E5A1AE3F8C800F13AA2 /* InsertDoDanGianTests.m in Sources */,
			);
			runOnlyForDeploymentPostprocessing = 0;
		};
/* End PBXSourcesBuildPhase section */

/* Begin PBXTargetDependency section */
		AF0F0E551AE3F8C800F13AA2 /* PBXTargetDependency */ = {
			isa = PBXTargetDependency;
			target = AF0F0E391AE3F8C800F13AA2 /* InsertDoDanGian */;
			targetProxy = AF0F0E541AE3F8C800F13AA2 /* PBXContainerItemProxy */;
		};
/* End PBXTargetDependency section */

/* Begin PBXVariantGroup section */
		AF0F0E471AE3F8C800F13AA2 /* Main.storyboard */ = {
			isa = PBXVariantGroup;
			children = (
				AF0F0E481AE3F8C800F13AA2 /* Base */,
			);
			name = Main.storyboard;
			sourceTree = "<group>";
		};
		AF0F0E4C1AE3F8C800F13AA2 /* LaunchScreen.xib */ = {
			isa = PBXVariantGroup;
			children = (
				AF0F0E4D1AE3F8C800F13AA2 /* Base */,
			);
			name = LaunchScreen.xib;
			sourceTree = "<group>";
		};
/* End PBXVariantGroup section */

/* Begin XCBuildConfiguration section */
		AF0F0E5B1AE3F8C800F13AA2 /* Debug */ = {
			isa = XCBuildConfiguration;
			buildSettings = {
				ALWAYS_SEARCH_USER_PATHS = NO;
				CLANG_CXX_LANGUAGE_STANDARD = "gnu++0x";
				CLANG_CXX_LIBRARY = "libc++";
				CLANG_ENABLE_MODULES = YES;
				CLANG_ENABLE_OBJC_ARC = YES;
				CLANG_WARN_BOOL_CONVERSION = YES;
				CLANG_WARN_CONSTANT_CONVERSION = YES;
				CLANG_WARN_DIRECT_OBJC_ISA_USAGE = YES_ERROR;
				CLANG_WARN_EMPTY_BODY = YES;
				CLANG_WARN_ENUM_CONVERSION = YES;
				CLANG_WARN_INT_CONVERSION = YES;
				CLANG_WARN_OBJC_ROOT_CLASS = YES_ERROR;
				CLANG_WARN_UNREACHABLE_CODE = YES;
				CLANG_WARN__DUPLICATE_METHOD_MATCH = YES;
				"CODE_SIGN_IDENTITY[sdk=iphoneos*]" = "iPhone Developer";
				COPY_PHASE_STRIP = NO;
				DEBUG_INFORMATION_FORMAT = "dwarf-with-dsym";
				ENABLE_STRICT_OBJC_MSGSEND = YES;
				GCC_C_LANGUAGE_STANDARD = gnu99;
				GCC_DYNAMIC_NO_PIC = NO;
				GCC_NO_COMMON_BLOCKS = YES;
				GCC_OPTIMIZATION_LEVEL = 0;
				GCC_PREPROCESSOR_DEFINITIONS = (
					"DEBUG=1",
					"$(inherited)",
				);
				GCC_SYMBOLS_PRIVATE_EXTERN = NO;
				GCC_WARN_64_TO_32_BIT_CONVERSION = YES;
				GCC_WARN_ABOUT_RETURN_TYPE = YES_ERROR;
				GCC_WARN_UNDECLARED_SELECTOR = YES;
				GCC_WARN_UNINITIALIZED_AUTOS = YES_AGGRESSIVE;
				GCC_WARN_UNUSED_FUNCTION = YES;
				GCC_WARN_UNUSED_VARIABLE = YES;
				IPHONEOS_DEPLOYMENT_TARGET = 8.3;
				MTL_ENABLE_DEBUG_INFO = YES;
				ONLY_ACTIVE_ARCH = YES;
				SDKROOT = iphoneos;
			};
			name = Debug;
		};
		AF0F0E5C1AE3F8C800F13AA2 /* Release */ = {
			isa = XCBuildConfiguration;
			buildSettings = {
				ALWAYS_SEARCH_USER_PATHS = NO;
				CLANG_CXX_LANGUAGE_STANDARD = "gnu++0x";
				CLANG_CXX_LIBRARY = "libc++";
				CLANG_ENABLE_MODULES = YES;
				CLANG_ENABLE_OBJC_ARC = YES;
				CLANG_WARN_BOOL_CONVERSION = YES;
				CLANG_WARN_CONSTANT_CONVERSION = YES;
				CLANG_WARN_DIRECT_OBJC_ISA_USAGE = YES_ERROR;
				CLANG_WARN_EMPTY_BODY = YES;
				CLANG_WARN_ENUM_CONVERSION = YES;
				CLANG_WARN_INT_CONVERSION = YES;
				CLANG_WARN_OBJC_ROOT_CLASS = YES_ERROR;
				CLANG_WARN_UNREACHABLE_CODE = YES;
				CLANG_WARN__DUPLICATE_METHOD_MATCH = YES;
				"CODE_SIGN_IDENTITY[sdk=iphoneos*]" = "iPhone Developer";
				COPY_PHASE_STRIP = NO;
				DEBUG_INFORMATION_FORMAT = "dwarf-with-dsym";
				ENABLE_NS_ASSERTIONS = NO;
				ENABLE_STRICT_OBJC_MSGSEND = YES;
				GCC_C_LANGUAGE_STANDARD = gnu99;
				GCC_NO_COMMON_BLOCKS = YES;
				GCC_WARN_64_TO_32_BIT_CONVERSION = YES;
				GCC_WARN_ABOUT_RETURN_TYPE = YES_ERROR;
				GCC_WARN_UNDECLARED_SELECTOR = YES;
				GCC_WARN_UNINITIALIZED_AUTOS = YES_AGGRESSIVE;
				GCC_WARN_UNUSED_FUNCTION = YES;
				GCC_WARN_UNUSED_VARIABLE = YES;
				IPHONEOS_DEPLOYMENT_TARGET = 8.3;
				MTL_ENABLE_DEBUG_INFO = NO;
				SDKROOT = iphoneos;
				VALIDATE_PRODUCT = YES;
			};
			name = Release;
		};
		AF0F0E5E1AE3F8C800F13AA2 /* Debug */ = {
			isa = XCBuildConfiguration;
			buildSettings = {
				ASSETCATALOG_COMPILER_APPICON_NAME = AppIcon;
				INFOPLIST_FILE = InsertDoDanGian/Info.plist;
				LD_RUNPATH_SEARCH_PATHS = "$(inherited) @executable_path/Frameworks";
				PRODUCT_NAME = "$(TARGET_NAME)";
			};
			name = Debug;
		};
		AF0F0E5F1AE3F8C800F13AA2 /* Release */ = {
			isa = XCBuildConfiguration;
			buildSettings = {
				ASSETCATALOG_COMPILER_APPICON_NAME = AppIcon;
				INFOPLIST_FILE = InsertDoDanGian/Info.plist;
				LD_RUNPATH_SEARCH_PATHS = "$(inherited) @executable_path/Frameworks";
				PRODUCT_NAME = "$(TARGET_NAME)";
			};
			name = Release;
		};
		AF0F0E611AE3F8C800F13AA2 /* Debug */ = {
			isa = XCBuildConfiguration;
			buildSettings = {
				BUNDLE_LOADER = "$(TEST_HOST)";
				FRAMEWORK_SEARCH_PATHS = (
					"$(SDKROOT)/Developer/Library/Frameworks",
					"$(inherited)",
				);
				GCC_PREPROCESSOR_DEFINITIONS = (
					"DEBUG=1",
					"$(inherited)",
				);
				INFOPLIST_FILE = InsertDoDanGianTests/Info.plist;
				LD_RUNPATH_SEARCH_PATHS = "$(inherited) @executable_path/Frameworks @loader_path/Frameworks";
				PRODUCT_NAME = "$(TARGET_NAME)";
				TEST_HOST = "$(BUILT_PRODUCTS_DIR)/InsertDoDanGian.app/InsertDoDanGian";
			};
			name = Debug;
		};
		AF0F0E621AE3F8C800F13AA2 /* Release */ = {
			isa = XCBuildConfiguration;
			buildSettings = {
				BUNDLE_LOADER = "$(TEST_HOST)";
				FRAMEWORK_SEARCH_PATHS = (
					"$(SDKROOT)/Developer/Library/Frameworks",
					"$(inherited)",
				);
				INFOPLIST_FILE = InsertDoDanGianTests/Info.plist;
				LD_RUNPATH_SEARCH_PATHS = "$(inherited) @executable_path/Frameworks @loader_path/Frameworks";
				PRODUCT_NAME = "$(TARGET_NAME)";
				TEST_HOST = "$(BUILT_PRODUCTS_DIR)/InsertDoDanGian.app/InsertDoDanGian";
			};
			name = Release;
		};
/* End XCBuildConfiguration section */

/* Begin XCConfigurationList section */
		AF0F0E351AE3F8C800F13AA2 /* Build configuration list for PBXProject "InsertDoDanGian" */ = {
			isa = XCConfigurationList;
			buildConfigurations = (
				AF0F0E5B1AE3F8C800F13AA2 /* Debug */,
				AF0F0E5C1AE3F8C800F13AA2 /* Release */,
			);
			defaultConfigurationIsVisible = 0;
			defaultConfigurationName = Release;
		};
		AF0F0E5D1AE3F8C800F13AA2 /* Build configuration list for PBXNativeTarget "InsertDoDanGian" */ = {
			isa = XCConfigurationList;
			buildConfigurations = (
				AF0F0E5E1AE3F8C800F13AA2 /* Debug */,
				AF0F0E5F1AE3F8C800F13AA2 /* Release */,
			);
			defaultConfigurationIsVisible = 0;
		};
		AF0F0E601AE3F8C800F13AA2 /* Build configuration list for PBXNativeTarget "InsertDoDanGianTests" */ = {
			isa = XCConfigurationList;
			buildConfigurations = (
				AF0F0E611AE3F8C800F13AA2 /* Debug */,
				AF0F0E621AE3F8C800F13AA2 /* Release */,
			);
			defaultConfigurationIsVisible = 0;
		};
/* End XCConfigurationList section */
	};
	rootObject = AF0F0E321AE3F8C800F13AA2 /* Project object */;
}
