// !$*UTF8*$!
{
	archiveVersion = 1;
	classes = {
	};
	objectVersion = 46;
	objects = {

/* Begin PBXBuildFile section */
		AF317F541B6A82B000AEAA40 /* Configuration.m in Sources */ = {isa = PBXBuildFile; fileRef = AF317F531B6A82B000AEAA40 /* Configuration.m */; };
		AF7CFB561B77DB0C00F17384 /* GameKit.framework in Frameworks */ = {isa = PBXBuildFile; fileRef = AF7CFB551B77DB0C00F17384 /* GameKit.framework */; };
		AF7CFB581B77DFD200F17384 /* btn_gamecenter.png in Resources */ = {isa = PBXBuildFile; fileRef = AF7CFB571B77DFD200F17384 /* btn_gamecenter.png */; };
		AF9BBE281AE16A830086FE79 /* main.m in Sources */ = {isa = PBXBuildFile; fileRef = AF9BBE271AE16A830086FE79 /* main.m */; };
		AF9BBE2B1AE16A830086FE79 /* AppDelegate.m in Sources */ = {isa = PBXBuildFile; fileRef = AF9BBE2A1AE16A830086FE79 /* AppDelegate.m */; };
		AF9BBE2E1AE16A840086FE79 /* ViewController.m in Sources */ = {isa = PBXBuildFile; fileRef = AF9BBE2D1AE16A840086FE79 /* ViewController.m */; };
		AF9BBE311AE16A840086FE79 /* Main.storyboard in Resources */ = {isa = PBXBuildFile; fileRef = AF9BBE2F1AE16A840086FE79 /* Main.storyboard */; };
		AF9BBE331AE16A840086FE79 /* Images.xcassets in Resources */ = {isa = PBXBuildFile; fileRef = AF9BBE321AE16A840086FE79 /* Images.xcassets */; };
		AF9BBE361AE16A840086FE79 /* LaunchScreen.xib in Resources */ = {isa = PBXBuildFile; fileRef = AF9BBE341AE16A840086FE79 /* LaunchScreen.xib */; };
		AF9BBE421AE16A840086FE79 /* _00PerfectTests.m in Sources */ = {isa = PBXBuildFile; fileRef = AF9BBE411AE16A840086FE79 /* _00PerfectTests.m */; };
		AF9BBE511AE25DB00086FE79 /* AboutViewController.m in Sources */ = {isa = PBXBuildFile; fileRef = AF9BBE501AE25DB00086FE79 /* AboutViewController.m */; };
		AF9BBE541AE25DDC0086FE79 /* SoundController.m in Sources */ = {isa = PBXBuildFile; fileRef = AF9BBE531AE25DDC0086FE79 /* SoundController.m */; };
		AF9BBE561AE25FFD0086FE79 /* data.plist in Resources */ = {isa = PBXBuildFile; fileRef = AF9BBE551AE25FFD0086FE79 /* data.plist */; };
		AF9BBE591AE261F40086FE79 /* GADMasterViewController.m in Sources */ = {isa = PBXBuildFile; fileRef = AF9BBE581AE261F40086FE79 /* GADMasterViewController.m */; };
		AF9BBE5C1AE2637F0086FE79 /* GoogleMobileAds.framework in Frameworks */ = {isa = PBXBuildFile; fileRef = AF9BBE5B1AE2637F0086FE79 /* GoogleMobileAds.framework */; };
		AF9E73A91AE2748A0056B323 /* btn_about.png in Resources */ = {isa = PBXBuildFile; fileRef = AF9E739C1AE2748A0056B323 /* btn_about.png */; };
		AF9E73AA1AE2748A0056B323 /* btn_back.png in Resources */ = {isa = PBXBuildFile; fileRef = AF9E739D1AE2748A0056B323 /* btn_back.png */; };
		AF9E73AC1AE2748A0056B323 /* btn_mute.png in Resources */ = {isa = PBXBuildFile; fileRef = AF9E739F1AE2748A0056B323 /* btn_mute.png */; };
		AF9E73AE1AE2748A0056B323 /* btn_unmute.png in Resources */ = {isa = PBXBuildFile; fileRef = AF9E73A11AE2748A0056B323 /* btn_unmute.png */; };
		AF9E73B31AE2749C0056B323 /* click.mp3 in Resources */ = {isa = PBXBuildFile; fileRef = AF9E73AF1AE2749C0056B323 /* click.mp3 */; };
		AF9E73B41AE2749C0056B323 /* congratulation.mp3 in Resources */ = {isa = PBXBuildFile; fileRef = AF9E73B01AE2749C0056B323 /* congratulation.mp3 */; };
		AF9E73B51AE2749C0056B323 /* correct.mp3 in Resources */ = {isa = PBXBuildFile; fileRef = AF9E73B11AE2749C0056B323 /* correct.mp3 */; };
		AF9E73B61AE2749C0056B323 /* gameover.mp3 in Resources */ = {isa = PBXBuildFile; fileRef = AF9E73B21AE2749C0056B323 /* gameover.mp3 */; };
		AFD757141AE2C69300B54425 /* btn_play.png in Resources */ = {isa = PBXBuildFile; fileRef = AFD757131AE2C69300B54425 /* btn_play.png */; };
		AFD757161AE2DC0200B54425 /* btn_fb.png in Resources */ = {isa = PBXBuildFile; fileRef = AFD757151AE2DC0200B54425 /* btn_fb.png */; };
		AFD757181AE2DD6100B54425 /* btn_rate.png in Resources */ = {isa = PBXBuildFile; fileRef = AFD757171AE2DD6100B54425 /* btn_rate.png */; };
/* End PBXBuildFile section */

/* Begin PBXContainerItemProxy section */
		AF9BBE3C1AE16A840086FE79 /* PBXContainerItemProxy */ = {
			isa = PBXContainerItemProxy;
			containerPortal = AF9BBE1A1AE16A830086FE79 /* Project object */;
			proxyType = 1;
			remoteGlobalIDString = AF9BBE211AE16A830086FE79;
			remoteInfo = 100Perfect;
		};
/* End PBXContainerItemProxy section */

/* Begin PBXFileReference section */
		AF317F521B6A82B000AEAA40 /* Configuration.h */ = {isa = PBXFileReference; fileEncoding = 4; lastKnownFileType = sourcecode.c.h; path = Configuration.h; sourceTree = "<group>"; };
		AF317F531B6A82B000AEAA40 /* Configuration.m */ = {isa = PBXFileReference; fileEncoding = 4; lastKnownFileType = sourcecode.c.objc; path = Configuration.m; sourceTree = "<group>"; };
		AF7CFB551B77DB0C00F17384 /* GameKit.framework */ = {isa = PBXFileReference; lastKnownFileType = wrapper.framework; name = GameKit.framework; path = System/Library/Frameworks/GameKit.framework; sourceTree = SDKROOT; };
		AF7CFB571B77DFD200F17384 /* btn_gamecenter.png */ = {isa = PBXFileReference; lastKnownFileType = image.png; path = btn_gamecenter.png; sourceTree = "<group>"; };
		AF9BBE221AE16A830086FE79 /* Complete100Boxes.app */ = {isa = PBXFileReference; explicitFileType = wrapper.application; includeInIndex = 0; path = Complete100Boxes.app; sourceTree = BUILT_PRODUCTS_DIR; };
		AF9BBE261AE16A830086FE79 /* Info.plist */ = {isa = PBXFileReference; lastKnownFileType = text.plist.xml; path = Info.plist; sourceTree = "<group>"; };
		AF9BBE271AE16A830086FE79 /* main.m */ = {isa = PBXFileReference; lastKnownFileType = sourcecode.c.objc; path = main.m; sourceTree = "<group>"; };
		AF9BBE291AE16A830086FE79 /* AppDelegate.h */ = {isa = PBXFileReference; lastKnownFileType = sourcecode.c.h; path = AppDelegate.h; sourceTree = "<group>"; };
		AF9BBE2A1AE16A830086FE79 /* AppDelegate.m */ = {isa = PBXFileReference; lastKnownFileType = sourcecode.c.objc; path = AppDelegate.m; sourceTree = "<group>"; };
		AF9BBE2C1AE16A830086FE79 /* ViewController.h */ = {isa = PBXFileReference; lastKnownFileType = sourcecode.c.h; path = ViewController.h; sourceTree = "<group>"; };
		AF9BBE2D1AE16A840086FE79 /* ViewController.m */ = {isa = PBXFileReference; lastKnownFileType = sourcecode.c.objc; path = ViewController.m; sourceTree = "<group>"; };
		AF9BBE301AE16A840086FE79 /* Base */ = {isa = PBXFileReference; lastKnownFileType = file.storyboard; name = Base; path = Base.lproj/Main.storyboard; sourceTree = "<group>"; };
		AF9BBE321AE16A840086FE79 /* Images.xcassets */ = {isa = PBXFileReference; lastKnownFileType = folder.assetcatalog; path = Images.xcassets; sourceTree = "<group>"; };
		AF9BBE351AE16A840086FE79 /* Base */ = {isa = PBXFileReference; lastKnownFileType = file.xib; name = Base; path = Base.lproj/LaunchScreen.xib; sourceTree = "<group>"; };
		AF9BBE3B1AE16A840086FE79 /* Complete100BoxesTests.xctest */ = {isa = PBXFileReference; explicitFileType = wrapper.cfbundle; includeInIndex = 0; path = Complete100BoxesTests.xctest; sourceTree = BUILT_PRODUCTS_DIR; };
		AF9BBE401AE16A840086FE79 /* Info.plist */ = {isa = PBXFileReference; lastKnownFileType = text.plist.xml; path = Info.plist; sourceTree = "<group>"; };
		AF9BBE411AE16A840086FE79 /* _00PerfectTests.m */ = {isa = PBXFileReference; lastKnownFileType = sourcecode.c.objc; path = _00PerfectTests.m; sourceTree = "<group>"; };
		AF9BBE4F1AE25DB00086FE79 /* AboutViewController.h */ = {isa = PBXFileReference; fileEncoding = 4; lastKnownFileType = sourcecode.c.h; path = AboutViewController.h; sourceTree = "<group>"; };
		AF9BBE501AE25DB00086FE79 /* AboutViewController.m */ = {isa = PBXFileReference; fileEncoding = 4; lastKnownFileType = sourcecode.c.objc; path = AboutViewController.m; sourceTree = "<group>"; };
		AF9BBE521AE25DDC0086FE79 /* SoundController.h */ = {isa = PBXFileReference; fileEncoding = 4; lastKnownFileType = sourcecode.c.h; path = SoundController.h; sourceTree = "<group>"; };
		AF9BBE531AE25DDC0086FE79 /* SoundController.m */ = {isa = PBXFileReference; fileEncoding = 4; lastKnownFileType = sourcecode.c.objc; path = SoundController.m; sourceTree = "<group>"; };
		AF9BBE551AE25FFD0086FE79 /* data.plist */ = {isa = PBXFileReference; fileEncoding = 4; lastKnownFileType = text.plist.xml; path = data.plist; sourceTree = "<group>"; };
		AF9BBE571AE261F40086FE79 /* GADMasterViewController.h */ = {isa = PBXFileReference; fileEncoding = 4; lastKnownFileType = sourcecode.c.h; path = GADMasterViewController.h; sourceTree = "<group>"; };
		AF9BBE581AE261F40086FE79 /* GADMasterViewController.m */ = {isa = PBXFileReference; fileEncoding = 4; lastKnownFileType = sourcecode.c.objc; path = GADMasterViewController.m; sourceTree = "<group>"; };
		AF9BBE5A1AE2624E0086FE79 /* Define.h */ = {isa = PBXFileReference; lastKnownFileType = sourcecode.c.h; path = Define.h; sourceTree = "<group>"; };
		AF9BBE5B1AE2637F0086FE79 /* GoogleMobileAds.framework */ = {isa = PBXFileReference; lastKnownFileType = wrapper.framework; path = GoogleMobileAds.framework; sourceTree = "<group>"; };
		AF9E739C1AE2748A0056B323 /* btn_about.png */ = {isa = PBXFileReference; lastKnownFileType = image.png; path = btn_about.png; sourceTree = "<group>"; };
		AF9E739D1AE2748A0056B323 /* btn_back.png */ = {isa = PBXFileReference; lastKnownFileType = image.png; path = btn_back.png; sourceTree = "<group>"; };
		AF9E739F1AE2748A0056B323 /* btn_mute.png */ = {isa = PBXFileReference; lastKnownFileType = image.png; path = btn_mute.png; sourceTree = "<group>"; };
		AF9E73A11AE2748A0056B323 /* btn_unmute.png */ = {isa = PBXFileReference; lastKnownFileType = image.png; path = btn_unmute.png; sourceTree = "<group>"; };
		AF9E73AF1AE2749C0056B323 /* click.mp3 */ = {isa = PBXFileReference; lastKnownFileType = audio.mp3; path = click.mp3; sourceTree = "<group>"; };
		AF9E73B01AE2749C0056B323 /* congratulation.mp3 */ = {isa = PBXFileReference; lastKnownFileType = audio.mp3; path = congratulation.mp3; sourceTree = "<group>"; };
		AF9E73B11AE2749C0056B323 /* correct.mp3 */ = {isa = PBXFileReference; lastKnownFileType = audio.mp3; path = correct.mp3; sourceTree = "<group>"; };
		AF9E73B21AE2749C0056B323 /* gameover.mp3 */ = {isa = PBXFileReference; lastKnownFileType = audio.mp3; path = gameover.mp3; sourceTree = "<group>"; };
		AFD757131AE2C69300B54425 /* btn_play.png */ = {isa = PBXFileReference; lastKnownFileType = image.png; path = btn_play.png; sourceTree = "<group>"; };
		AFD757151AE2DC0200B54425 /* btn_fb.png */ = {isa = PBXFileReference; lastKnownFileType = image.png; path = btn_fb.png; sourceTree = "<group>"; };
		AFD757171AE2DD6100B54425 /* btn_rate.png */ = {isa = PBXFileReference; lastKnownFileType = image.png; path = btn_rate.png; sourceTree = "<group>"; };
/* End PBXFileReference section */

/* Begin PBXFrameworksBuildPhase section */
		AF9BBE1F1AE16A830086FE79 /* Frameworks */ = {
			isa = PBXFrameworksBuildPhase;
			buildActionMask = 2147483647;
			files = (
				AF7CFB561B77DB0C00F17384 /* GameKit.framework in Frameworks */,
				AF9BBE5C1AE2637F0086FE79 /* GoogleMobileAds.framework in Frameworks */,
			);
			runOnlyForDeploymentPostprocessing = 0;
		};
		AF9BBE381AE16A840086FE79 /* Frameworks */ = {
			isa = PBXFrameworksBuildPhase;
			buildActionMask = 2147483647;
			files = (
			);
			runOnlyForDeploymentPostprocessing = 0;
		};
/* End PBXFrameworksBuildPhase section */

/* Begin PBXGroup section */
		AF9BBE191AE16A830086FE79 = {
			isa = PBXGroup;
			children = (
				AF7CFB551B77DB0C00F17384 /* GameKit.framework */,
				AF9BBE5B1AE2637F0086FE79 /* GoogleMobileAds.framework */,
				AF9BBE241AE16A830086FE79 /* 100Perfect */,
				AF9BBE3E1AE16A840086FE79 /* 100PerfectTests */,
				AF9BBE231AE16A830086FE79 /* Products */,
			);
			sourceTree = "<group>";
		};
		AF9BBE231AE16A830086FE79 /* Products */ = {
			isa = PBXGroup;
			children = (
				AF9BBE221AE16A830086FE79 /* Complete100Boxes.app */,
				AF9BBE3B1AE16A840086FE79 /* Complete100BoxesTests.xctest */,
			);
			name = Products;
			sourceTree = "<group>";
		};
		AF9BBE241AE16A830086FE79 /* 100Perfect */ = {
			isa = PBXGroup;
			children = (
				AF317F521B6A82B000AEAA40 /* Configuration.h */,
				AF317F531B6A82B000AEAA40 /* Configuration.m */,
				AF9BBE291AE16A830086FE79 /* AppDelegate.h */,
				AF9BBE2A1AE16A830086FE79 /* AppDelegate.m */,
				AF9BBE5A1AE2624E0086FE79 /* Define.h */,
				AF9BBE2C1AE16A830086FE79 /* ViewController.h */,
				AF9BBE2D1AE16A840086FE79 /* ViewController.m */,
				AF9BBE4F1AE25DB00086FE79 /* AboutViewController.h */,
				AF9BBE501AE25DB00086FE79 /* AboutViewController.m */,
				AF9BBE571AE261F40086FE79 /* GADMasterViewController.h */,
				AF9BBE581AE261F40086FE79 /* GADMasterViewController.m */,
				AF9BBE521AE25DDC0086FE79 /* SoundController.h */,
				AF9BBE531AE25DDC0086FE79 /* SoundController.m */,
				AF9BBE2F1AE16A840086FE79 /* Main.storyboard */,
				AF9BBE321AE16A840086FE79 /* Images.xcassets */,
				AF9BBE341AE16A840086FE79 /* LaunchScreen.xib */,
				AF9BBE251AE16A830086FE79 /* Supporting Files */,
				AF9BBE551AE25FFD0086FE79 /* data.plist */,
			);
			path = 100Perfect;
			sourceTree = "<group>";
		};
		AF9BBE251AE16A830086FE79 /* Supporting Files */ = {
			isa = PBXGroup;
			children = (
				AF9E73941AE2746E0056B323 /* images */,
				AF9E73931AE274600056B323 /* audios */,
				AF9BBE261AE16A830086FE79 /* Info.plist */,
				AF9BBE271AE16A830086FE79 /* main.m */,
			);
			name = "Supporting Files";
			sourceTree = "<group>";
		};
		AF9BBE3E1AE16A840086FE79 /* 100PerfectTests */ = {
			isa = PBXGroup;
			children = (
				AF9BBE411AE16A840086FE79 /* _00PerfectTests.m */,
				AF9BBE3F1AE16A840086FE79 /* Supporting Files */,
			);
			path = 100PerfectTests;
			sourceTree = "<group>";
		};
		AF9BBE3F1AE16A840086FE79 /* Supporting Files */ = {
			isa = PBXGroup;
			children = (
				AF9BBE401AE16A840086FE79 /* Info.plist */,
			);
			name = "Supporting Files";
			sourceTree = "<group>";
		};
		AF9E73931AE274600056B323 /* audios */ = {
			isa = PBXGroup;
			children = (
				AF9E73AF1AE2749C0056B323 /* click.mp3 */,
				AF9E73B01AE2749C0056B323 /* congratulation.mp3 */,
				AF9E73B11AE2749C0056B323 /* correct.mp3 */,
				AF9E73B21AE2749C0056B323 /* gameover.mp3 */,
			);
			name = audios;
			sourceTree = "<group>";
		};
		AF9E73941AE2746E0056B323 /* images */ = {
			isa = PBXGroup;
			children = (
				AF7CFB571B77DFD200F17384 /* btn_gamecenter.png */,
				AFD757171AE2DD6100B54425 /* btn_rate.png */,
				AFD757151AE2DC0200B54425 /* btn_fb.png */,
				AFD757131AE2C69300B54425 /* btn_play.png */,
				AF9E739C1AE2748A0056B323 /* btn_about.png */,
				AF9E739D1AE2748A0056B323 /* btn_back.png */,
				AF9E739F1AE2748A0056B323 /* btn_mute.png */,
				AF9E73A11AE2748A0056B323 /* btn_unmute.png */,
			);
			name = images;
			sourceTree = "<group>";
		};
/* End PBXGroup section */

/* Begin PBXNativeTarget section */
		AF9BBE211AE16A830086FE79 /* Complete100Boxes */ = {
			isa = PBXNativeTarget;
			buildConfigurationList = AF9BBE451AE16A840086FE79 /* Build configuration list for PBXNativeTarget "Complete100Boxes" */;
			buildPhases = (
				AF9BBE1E1AE16A830086FE79 /* Sources */,
				AF9BBE1F1AE16A830086FE79 /* Frameworks */,
				AF9BBE201AE16A830086FE79 /* Resources */,
			);
			buildRules = (
			);
			dependencies = (
			);
			name = Complete100Boxes;
			productName = 100Perfect;
			productReference = AF9BBE221AE16A830086FE79 /* Complete100Boxes.app */;
			productType = "com.apple.product-type.application";
		};
		AF9BBE3A1AE16A840086FE79 /* Complete100BoxesTests */ = {
			isa = PBXNativeTarget;
			buildConfigurationList = AF9BBE481AE16A840086FE79 /* Build configuration list for PBXNativeTarget "Complete100BoxesTests" */;
			buildPhases = (
				AF9BBE371AE16A840086FE79 /* Sources */,
				AF9BBE381AE16A840086FE79 /* Frameworks */,
				AF9BBE391AE16A840086FE79 /* Resources */,
			);
			buildRules = (
			);
			dependencies = (
				AF9BBE3D1AE16A840086FE79 /* PBXTargetDependency */,
			);
			name = Complete100BoxesTests;
			productName = 100PerfectTests;
			productReference = AF9BBE3B1AE16A840086FE79 /* Complete100BoxesTests.xctest */;
			productType = "com.apple.product-type.bundle.unit-test";
		};
/* End PBXNativeTarget section */

/* Begin PBXProject section */
		AF9BBE1A1AE16A830086FE79 /* Project object */ = {
			isa = PBXProject;
			attributes = {
				LastUpgradeCheck = 0630;
				ORGANIZATIONNAME = "Nguyễn Thế Bình";
				TargetAttributes = {
					AF9BBE211AE16A830086FE79 = {
						CreatedOnToolsVersion = 6.3;
						DevelopmentTeam = 59R4ZJFHM6;
					};
					AF9BBE3A1AE16A840086FE79 = {
						CreatedOnToolsVersion = 6.3;
						TestTargetID = AF9BBE211AE16A830086FE79;
					};
				};
			};
			buildConfigurationList = AF9BBE1D1AE16A830086FE79 /* Build configuration list for PBXProject "Complete100Boxes" */;
			compatibilityVersion = "Xcode 3.2";
			developmentRegion = English;
			hasScannedForEncodings = 0;
			knownRegions = (
				en,
				Base,
			);
			mainGroup = AF9BBE191AE16A830086FE79;
			productRefGroup = AF9BBE231AE16A830086FE79 /* Products */;
			projectDirPath = "";
			projectRoot = "";
			targets = (
				AF9BBE211AE16A830086FE79 /* Complete100Boxes */,
				AF9BBE3A1AE16A840086FE79 /* Complete100BoxesTests */,
			);
		};
/* End PBXProject section */

/* Begin PBXResourcesBuildPhase section */
		AF9BBE201AE16A830086FE79 /* Resources */ = {
			isa = PBXResourcesBuildPhase;
			buildActionMask = 2147483647;
			files = (
				AF9E73AA1AE2748A0056B323 /* btn_back.png in Resources */,
				AFD757161AE2DC0200B54425 /* btn_fb.png in Resources */,
				AF9E73B41AE2749C0056B323 /* congratulation.mp3 in Resources */,
				AF7CFB581B77DFD200F17384 /* btn_gamecenter.png in Resources */,
				AF9BBE561AE25FFD0086FE79 /* data.plist in Resources */,
				AF9E73A91AE2748A0056B323 /* btn_about.png in Resources */,
				AF9E73B31AE2749C0056B323 /* click.mp3 in Resources */,
				AF9E73AE1AE2748A0056B323 /* btn_unmute.png in Resources */,
				AFD757141AE2C69300B54425 /* btn_play.png in Resources */,
				AF9E73B61AE2749C0056B323 /* gameover.mp3 in Resources */,
				AF9E73B51AE2749C0056B323 /* correct.mp3 in Resources */,
				AF9E73AC1AE2748A0056B323 /* btn_mute.png in Resources */,
				AF9BBE311AE16A840086FE79 /* Main.storyboard in Resources */,
				AF9BBE361AE16A840086FE79 /* LaunchScreen.xib in Resources */,
				AFD757181AE2DD6100B54425 /* btn_rate.png in Resources */,
				AF9BBE331AE16A840086FE79 /* Images.xcassets in Resources */,
			);
			runOnlyForDeploymentPostprocessing = 0;
		};
		AF9BBE391AE16A840086FE79 /* Resources */ = {
			isa = PBXResourcesBuildPhase;
			buildActionMask = 2147483647;
			files = (
			);
			runOnlyForDeploymentPostprocessing = 0;
		};
/* End PBXResourcesBuildPhase section */

/* Begin PBXSourcesBuildPhase section */
		AF9BBE1E1AE16A830086FE79 /* Sources */ = {
			isa = PBXSourcesBuildPhase;
			buildActionMask = 2147483647;
			files = (
				AF317F541B6A82B000AEAA40 /* Configuration.m in Sources */,
				AF9BBE2E1AE16A840086FE79 /* ViewController.m in Sources */,
				AF9BBE591AE261F40086FE79 /* GADMasterViewController.m in Sources */,
				AF9BBE2B1AE16A830086FE79 /* AppDelegate.m in Sources */,
				AF9BBE511AE25DB00086FE79 /* AboutViewController.m in Sources */,
				AF9BBE541AE25DDC0086FE79 /* SoundController.m in Sources */,
				AF9BBE281AE16A830086FE79 /* main.m in Sources */,
			);
			runOnlyForDeploymentPostprocessing = 0;
		};
		AF9BBE371AE16A840086FE79 /* Sources */ = {
			isa = PBXSourcesBuildPhase;
			buildActionMask = 2147483647;
			files = (
				AF9BBE421AE16A840086FE79 /* _00PerfectTests.m in Sources */,
			);
			runOnlyForDeploymentPostprocessing = 0;
		};
/* End PBXSourcesBuildPhase section */

/* Begin PBXTargetDependency section */
		AF9BBE3D1AE16A840086FE79 /* PBXTargetDependency */ = {
			isa = PBXTargetDependency;
			target = AF9BBE211AE16A830086FE79 /* Complete100Boxes */;
			targetProxy = AF9BBE3C1AE16A840086FE79 /* PBXContainerItemProxy */;
		};
/* End PBXTargetDependency section */

/* Begin PBXVariantGroup section */
		AF9BBE2F1AE16A840086FE79 /* Main.storyboard */ = {
			isa = PBXVariantGroup;
			children = (
				AF9BBE301AE16A840086FE79 /* Base */,
			);
			name = Main.storyboard;
			sourceTree = "<group>";
		};
		AF9BBE341AE16A840086FE79 /* LaunchScreen.xib */ = {
			isa = PBXVariantGroup;
			children = (
				AF9BBE351AE16A840086FE79 /* Base */,
			);
			name = LaunchScreen.xib;
			sourceTree = "<group>";
		};
/* End PBXVariantGroup section */

/* Begin XCBuildConfiguration section */
		AF9BBE431AE16A840086FE79 /* Debug */ = {
			isa = XCBuildConfiguration;
			buildSettings = {
				ALWAYS_SEARCH_USER_PATHS = NO;
				CLANG_CXX_LANGUAGE_STANDARD = "gnu++0x";
				CLANG_CXX_LIBRARY = "libc++";
				CLANG_ENABLE_MODULES = YES;
				CLANG_ENABLE_OBJC_ARC = YES;
				CLANG_WARN_BOOL_CONVERSION = YES;
				CLANG_WARN_CONSTANT_CONVERSION = YES;
				CLANG_WARN_DIRECT_OBJC_ISA_USAGE = YES_ERROR;
				CLANG_WARN_EMPTY_BODY = YES;
				CLANG_WARN_ENUM_CONVERSION = YES;
				CLANG_WARN_INT_CONVERSION = YES;
				CLANG_WARN_OBJC_ROOT_CLASS = YES_ERROR;
				CLANG_WARN_UNREACHABLE_CODE = YES;
				CLANG_WARN__DUPLICATE_METHOD_MATCH = YES;
				CODE_SIGN_IDENTITY = "iPhone Distribution: The Binh Nguyen (59R4ZJFHM6)";
				"CODE_SIGN_IDENTITY[sdk=iphoneos*]" = "iPhone Distribution: The Binh Nguyen (59R4ZJFHM6)";
				COPY_PHASE_STRIP = NO;
				DEBUG_INFORMATION_FORMAT = "dwarf-with-dsym";
				ENABLE_STRICT_OBJC_MSGSEND = YES;
				GCC_C_LANGUAGE_STANDARD = gnu99;
				GCC_DYNAMIC_NO_PIC = NO;
				GCC_NO_COMMON_BLOCKS = YES;
				GCC_OPTIMIZATION_LEVEL = 0;
				GCC_PREPROCESSOR_DEFINITIONS = (
					"DEBUG=1",
					"$(inherited)",
				);
				GCC_SYMBOLS_PRIVATE_EXTERN = NO;
				GCC_WARN_64_TO_32_BIT_CONVERSION = YES;
				GCC_WARN_ABOUT_RETURN_TYPE = YES_ERROR;
				GCC_WARN_UNDECLARED_SELECTOR = YES;
				GCC_WARN_UNINITIALIZED_AUTOS = YES_AGGRESSIVE;
				GCC_WARN_UNUSED_FUNCTION = YES;
				GCC_WARN_UNUSED_VARIABLE = YES;
				IPHONEOS_DEPLOYMENT_TARGET = 7.0;
				MTL_ENABLE_DEBUG_INFO = YES;
				ONLY_ACTIVE_ARCH = YES;
				PRODUCT_NAME = P100;
				SDKROOT = iphoneos;
				TARGETED_DEVICE_FAMILY = "1,2";
			};
			name = Debug;
		};
		AF9BBE441AE16A840086FE79 /* Release */ = {
			isa = XCBuildConfiguration;
			buildSettings = {
				ALWAYS_SEARCH_USER_PATHS = NO;
				CLANG_CXX_LANGUAGE_STANDARD = "gnu++0x";
				CLANG_CXX_LIBRARY = "libc++";
				CLANG_ENABLE_MODULES = YES;
				CLANG_ENABLE_OBJC_ARC = YES;
				CLANG_WARN_BOOL_CONVERSION = YES;
				CLANG_WARN_CONSTANT_CONVERSION = YES;
				CLANG_WARN_DIRECT_OBJC_ISA_USAGE = YES_ERROR;
				CLANG_WARN_EMPTY_BODY = YES;
				CLANG_WARN_ENUM_CONVERSION = YES;
				CLANG_WARN_INT_CONVERSION = YES;
				CLANG_WARN_OBJC_ROOT_CLASS = YES_ERROR;
				CLANG_WARN_UNREACHABLE_CODE = YES;
				CLANG_WARN__DUPLICATE_METHOD_MATCH = YES;
				CODE_SIGN_IDENTITY = "iPhone Distribution: The Binh Nguyen (59R4ZJFHM6)";
				"CODE_SIGN_IDENTITY[sdk=iphoneos*]" = "iPhone Distribution: The Binh Nguyen (59R4ZJFHM6)";
				COPY_PHASE_STRIP = NO;
				DEBUG_INFORMATION_FORMAT = "dwarf-with-dsym";
				ENABLE_NS_ASSERTIONS = NO;
				ENABLE_STRICT_OBJC_MSGSEND = YES;
				GCC_C_LANGUAGE_STANDARD = gnu99;
				GCC_NO_COMMON_BLOCKS = YES;
				GCC_WARN_64_TO_32_BIT_CONVERSION = YES;
				GCC_WARN_ABOUT_RETURN_TYPE = YES_ERROR;
				GCC_WARN_UNDECLARED_SELECTOR = YES;
				GCC_WARN_UNINITIALIZED_AUTOS = YES_AGGRESSIVE;
				GCC_WARN_UNUSED_FUNCTION = YES;
				GCC_WARN_UNUSED_VARIABLE = YES;
				IPHONEOS_DEPLOYMENT_TARGET = 7.0;
				MTL_ENABLE_DEBUG_INFO = NO;
				ONLY_ACTIVE_ARCH = YES;
				PRODUCT_NAME = P100;
				SDKROOT = iphoneos;
				TARGETED_DEVICE_FAMILY = "1,2";
				VALIDATE_PRODUCT = YES;
			};
			name = Release;
		};
		AF9BBE461AE16A840086FE79 /* Debug */ = {
			isa = XCBuildConfiguration;
			buildSettings = {
				ASSETCATALOG_COMPILER_APPICON_NAME = AppIcon;
				ASSETCATALOG_COMPILER_LAUNCHIMAGE_NAME = LaunchImage;
				CODE_SIGN_IDENTITY = "iPhone Distribution: The Binh Nguyen (59R4ZJFHM6)";
				"CODE_SIGN_IDENTITY[sdk=iphoneos*]" = "iPhone Distribution: The Binh Nguyen (59R4ZJFHM6)";
				FRAMEWORK_SEARCH_PATHS = (
					"$(inherited)",
					"$(PROJECT_DIR)",
				);
				INFOPLIST_FILE = 100Perfect/Info.plist;
				IPHONEOS_DEPLOYMENT_TARGET = 7.0;
				LD_RUNPATH_SEARCH_PATHS = "$(inherited) @executable_path/Frameworks";
				PRODUCT_NAME = Complete100Boxes;
				PROVISIONING_PROFILE = "e82bd0be-8e28-4106-a60e-32ecf20b0c65";
			};
			name = Debug;
		};
		AF9BBE471AE16A840086FE79 /* Release */ = {
			isa = XCBuildConfiguration;
			buildSettings = {
				ASSETCATALOG_COMPILER_APPICON_NAME = AppIcon;
				ASSETCATALOG_COMPILER_LAUNCHIMAGE_NAME = LaunchImage;
				CODE_SIGN_IDENTITY = "iPhone Distribution: The Binh Nguyen (59R4ZJFHM6)";
				"CODE_SIGN_IDENTITY[sdk=iphoneos*]" = "iPhone Distribution: The Binh Nguyen (59R4ZJFHM6)";
				FRAMEWORK_SEARCH_PATHS = (
					"$(inherited)",
					"$(PROJECT_DIR)",
				);
				INFOPLIST_FILE = 100Perfect/Info.plist;
				IPHONEOS_DEPLOYMENT_TARGET = 7.0;
				LD_RUNPATH_SEARCH_PATHS = "$(inherited) @executable_path/Frameworks";
				PRODUCT_NAME = Complete100Boxes;
				PROVISIONING_PROFILE = "e82bd0be-8e28-4106-a60e-32ecf20b0c65";
			};
			name = Release;
		};
		AF9BBE491AE16A840086FE79 /* Debug */ = {
			isa = XCBuildConfiguration;
			buildSettings = {
				BUNDLE_LOADER = "$(TEST_HOST)";
				FRAMEWORK_SEARCH_PATHS = (
					"$(SDKROOT)/Developer/Library/Frameworks",
					"$(inherited)",
				);
				GCC_PREPROCESSOR_DEFINITIONS = (
					"DEBUG=1",
					"$(inherited)",
				);
				INFOPLIST_FILE = 100PerfectTests/Info.plist;
				LD_RUNPATH_SEARCH_PATHS = "$(inherited) @executable_path/Frameworks @loader_path/Frameworks";
				PRODUCT_NAME = Complete100BoxesTests;
				TEST_HOST = "$(BUILT_PRODUCTS_DIR)/100Perfect.app/100Perfect";
			};
			name = Debug;
		};
		AF9BBE4A1AE16A840086FE79 /* Release */ = {
			isa = XCBuildConfiguration;
			buildSettings = {
				BUNDLE_LOADER = "$(TEST_HOST)";
				FRAMEWORK_SEARCH_PATHS = (
					"$(SDKROOT)/Developer/Library/Frameworks",
					"$(inherited)",
				);
				INFOPLIST_FILE = 100PerfectTests/Info.plist;
				LD_RUNPATH_SEARCH_PATHS = "$(inherited) @executable_path/Frameworks @loader_path/Frameworks";
				PRODUCT_NAME = Complete100BoxesTests;
				TEST_HOST = "$(BUILT_PRODUCTS_DIR)/100Perfect.app/100Perfect";
			};
			name = Release;
		};
		AFDDF7981B6CF3F900F42EAA /* Distribution */ = {
			isa = XCBuildConfiguration;
			buildSettings = {
				ALWAYS_SEARCH_USER_PATHS = NO;
				CLANG_CXX_LANGUAGE_STANDARD = "gnu++0x";
				CLANG_CXX_LIBRARY = "libc++";
				CLANG_ENABLE_MODULES = YES;
				CLANG_ENABLE_OBJC_ARC = YES;
				CLANG_WARN_BOOL_CONVERSION = YES;
				CLANG_WARN_CONSTANT_CONVERSION = YES;
				CLANG_WARN_DIRECT_OBJC_ISA_USAGE = YES_ERROR;
				CLANG_WARN_EMPTY_BODY = YES;
				CLANG_WARN_ENUM_CONVERSION = YES;
				CLANG_WARN_INT_CONVERSION = YES;
				CLANG_WARN_OBJC_ROOT_CLASS = YES_ERROR;
				CLANG_WARN_UNREACHABLE_CODE = YES;
				CLANG_WARN__DUPLICATE_METHOD_MATCH = YES;
				CODE_SIGN_IDENTITY = "iPhone Distribution: The Binh Nguyen (59R4ZJFHM6)";
				"CODE_SIGN_IDENTITY[sdk=iphoneos*]" = "iPhone Distribution: The Binh Nguyen (59R4ZJFHM6)";
				COPY_PHASE_STRIP = NO;
				DEBUG_INFORMATION_FORMAT = "dwarf-with-dsym";
				ENABLE_NS_ASSERTIONS = NO;
				ENABLE_STRICT_OBJC_MSGSEND = YES;
				GCC_C_LANGUAGE_STANDARD = gnu99;
				GCC_NO_COMMON_BLOCKS = YES;
				GCC_WARN_64_TO_32_BIT_CONVERSION = YES;
				GCC_WARN_ABOUT_RETURN_TYPE = YES_ERROR;
				GCC_WARN_UNDECLARED_SELECTOR = YES;
				GCC_WARN_UNINITIALIZED_AUTOS = YES_AGGRESSIVE;
				GCC_WARN_UNUSED_FUNCTION = YES;
				GCC_WARN_UNUSED_VARIABLE = YES;
				IPHONEOS_DEPLOYMENT_TARGET = 7.0;
				MTL_ENABLE_DEBUG_INFO = NO;
				ONLY_ACTIVE_ARCH = YES;
				PRODUCT_NAME = P100;
				SDKROOT = iphoneos;
				TARGETED_DEVICE_FAMILY = "1,2";
				VALIDATE_PRODUCT = YES;
			};
			name = Distribution;
		};
		AFDDF7991B6CF3F900F42EAA /* Distribution */ = {
			isa = XCBuildConfiguration;
			buildSettings = {
				ASSETCATALOG_COMPILER_APPICON_NAME = AppIcon;
				ASSETCATALOG_COMPILER_LAUNCHIMAGE_NAME = LaunchImage;
				CODE_SIGN_IDENTITY = "iPhone Distribution: The Binh Nguyen (59R4ZJFHM6)";
				"CODE_SIGN_IDENTITY[sdk=iphoneos*]" = "iPhone Distribution: The Binh Nguyen (59R4ZJFHM6)";
				FRAMEWORK_SEARCH_PATHS = (
					"$(inherited)",
					"$(PROJECT_DIR)",
				);
				INFOPLIST_FILE = 100Perfect/Info.plist;
				IPHONEOS_DEPLOYMENT_TARGET = 7.0;
				LD_RUNPATH_SEARCH_PATHS = "$(inherited) @executable_path/Frameworks";
				PRODUCT_NAME = Complete100Boxes;
				PROVISIONING_PROFILE = "e82bd0be-8e28-4106-a60e-32ecf20b0c65";
			};
			name = Distribution;
		};
		AFDDF79A1B6CF3F900F42EAA /* Distribution */ = {
			isa = XCBuildConfiguration;
			buildSettings = {
				BUNDLE_LOADER = "$(TEST_HOST)";
				FRAMEWORK_SEARCH_PATHS = (
					"$(SDKROOT)/Developer/Library/Frameworks",
					"$(inherited)",
				);
				INFOPLIST_FILE = 100PerfectTests/Info.plist;
				LD_RUNPATH_SEARCH_PATHS = "$(inherited) @executable_path/Frameworks @loader_path/Frameworks";
				PRODUCT_NAME = Complete100BoxesTests;
				TEST_HOST = "$(BUILT_PRODUCTS_DIR)/100Perfect.app/100Perfect";
			};
			name = Distribution;
		};
/* End XCBuildConfiguration section */

/* Begin XCConfigurationList section */
		AF9BBE1D1AE16A830086FE79 /* Build configuration list for PBXProject "Complete100Boxes" */ = {
			isa = XCConfigurationList;
			buildConfigurations = (
				AF9BBE431AE16A840086FE79 /* Debug */,
				AF9BBE441AE16A840086FE79 /* Release */,
				AFDDF7981B6CF3F900F42EAA /* Distribution */,
			);
			defaultConfigurationIsVisible = 0;
			defaultConfigurationName = Release;
		};
		AF9BBE451AE16A840086FE79 /* Build configuration list for PBXNativeTarget "Complete100Boxes" */ = {
			isa = XCConfigurationList;
			buildConfigurations = (
				AF9BBE461AE16A840086FE79 /* Debug */,
				AF9BBE471AE16A840086FE79 /* Release */,
				AFDDF7991B6CF3F900F42EAA /* Distribution */,
			);
			defaultConfigurationIsVisible = 0;
			defaultConfigurationName = Release;
		};
		AF9BBE481AE16A840086FE79 /* Build configuration list for PBXNativeTarget "Complete100BoxesTests" */ = {
			isa = XCConfigurationList;
			buildConfigurations = (
				AF9BBE491AE16A840086FE79 /* Debug */,
				AF9BBE4A1AE16A840086FE79 /* Release */,
				AFDDF79A1B6CF3F900F42EAA /* Distribution */,
			);
			defaultConfigurationIsVisible = 0;
			defaultConfigurationName = Release;
		};
/* End XCConfigurationList section */
	};
	rootObject = AF9BBE1A1AE16A830086FE79 /* Project object */;
}
