// !$*UTF8*$!
{
	archiveVersion = 1;
	classes = {
	};
	objectVersion = 46;
	objects = {

/* Begin PBXBuildFile section */
		AF2DF35B1B798FB20072200F /* main.m in Sources */ = {isa = PBXBuildFile; fileRef = AF2DF35A1B798FB20072200F /* main.m */; };
		AF2DF35E1B798FB20072200F /* AppDelegate.m in Sources */ = {isa = PBXBuildFile; fileRef = AF2DF35D1B798FB20072200F /* AppDelegate.m */; };
		AF2DF3611B798FB20072200F /* HomeViewController.m in Sources */ = {isa = PBXBuildFile; fileRef = AF2DF3601B798FB20072200F /* HomeViewController.m */; };
		AF2DF3641B798FB20072200F /* Main.storyboard in Resources */ = {isa = PBXBuildFile; fileRef = AF2DF3621B798FB20072200F /* Main.storyboard */; };
		AF2DF3661B798FB20072200F /* Images.xcassets in Resources */ = {isa = PBXBuildFile; fileRef = AF2DF3651B798FB20072200F /* Images.xcassets */; };
		AF2DF3691B798FB20072200F /* LaunchScreen.xib in Resources */ = {isa = PBXBuildFile; fileRef = AF2DF3671B798FB20072200F /* LaunchScreen.xib */; };
		AF2DF3751B798FB20072200F /* DifferentColorTests.m in Sources */ = {isa = PBXBuildFile; fileRef = AF2DF3741B798FB20072200F /* DifferentColorTests.m */; };
		AF2DF3801B79D3200072200F /* PlayViewController.m in Sources */ = {isa = PBXBuildFile; fileRef = AF2DF37F1B79D3200072200F /* PlayViewController.m */; };
		AFC9367C1B7B32F2004BD7D3 /* btn_about.png in Resources */ = {isa = PBXBuildFile; fileRef = AFC936741B7B32F2004BD7D3 /* btn_about.png */; };
		AFC9367D1B7B32F2004BD7D3 /* btn_back.png in Resources */ = {isa = PBXBuildFile; fileRef = AFC936751B7B32F2004BD7D3 /* btn_back.png */; };
		AFC9367E1B7B32F2004BD7D3 /* btn_fb.png in Resources */ = {isa = PBXBuildFile; fileRef = AFC936761B7B32F2004BD7D3 /* btn_fb.png */; };
		AFC9367F1B7B32F2004BD7D3 /* btn_gamecenter.png in Resources */ = {isa = PBXBuildFile; fileRef = AFC936771B7B32F2004BD7D3 /* btn_gamecenter.png */; };
		AFC936801B7B32F2004BD7D3 /* btn_mute.png in Resources */ = {isa = PBXBuildFile; fileRef = AFC936781B7B32F2004BD7D3 /* btn_mute.png */; };
		AFC936811B7B32F2004BD7D3 /* btn_play.png in Resources */ = {isa = PBXBuildFile; fileRef = AFC936791B7B32F2004BD7D3 /* btn_play.png */; };
		AFC936821B7B32F2004BD7D3 /* btn_rate.png in Resources */ = {isa = PBXBuildFile; fileRef = AFC9367A1B7B32F2004BD7D3 /* btn_rate.png */; };
		AFC936831B7B32F2004BD7D3 /* btn_unmute.png in Resources */ = {isa = PBXBuildFile; fileRef = AFC9367B1B7B32F2004BD7D3 /* btn_unmute.png */; };
		AFC936861B7B33ED004BD7D3 /* Configuration.m in Sources */ = {isa = PBXBuildFile; fileRef = AFC936851B7B33ED004BD7D3 /* Configuration.m */; };
		AFC936891B7B3435004BD7D3 /* SoundController.m in Sources */ = {isa = PBXBuildFile; fileRef = AFC936881B7B3435004BD7D3 /* SoundController.m */; };
		AFC9368F1B7B3459004BD7D3 /* click.mp3 in Resources */ = {isa = PBXBuildFile; fileRef = AFC9368B1B7B3459004BD7D3 /* click.mp3 */; };
		AFC936901B7B3459004BD7D3 /* congratulation.mp3 in Resources */ = {isa = PBXBuildFile; fileRef = AFC9368C1B7B3459004BD7D3 /* congratulation.mp3 */; };
		AFC936911B7B3459004BD7D3 /* correct.mp3 in Resources */ = {isa = PBXBuildFile; fileRef = AFC9368D1B7B3459004BD7D3 /* correct.mp3 */; };
		AFC936921B7B3459004BD7D3 /* gameover.mp3 in Resources */ = {isa = PBXBuildFile; fileRef = AFC9368E1B7B3459004BD7D3 /* gameover.mp3 */; };
		AFC936941B7B347F004BD7D3 /* data.plist in Resources */ = {isa = PBXBuildFile; fileRef = AFC936931B7B347F004BD7D3 /* data.plist */; };
/* End PBXBuildFile section */

/* Begin PBXContainerItemProxy section */
		AF2DF36F1B798FB20072200F /* PBXContainerItemProxy */ = {
			isa = PBXContainerItemProxy;
			containerPortal = AF2DF34D1B798FB10072200F /* Project object */;
			proxyType = 1;
			remoteGlobalIDString = AF2DF3541B798FB20072200F;
			remoteInfo = DifferentColor;
		};
/* End PBXContainerItemProxy section */

/* Begin PBXFileReference section */
		AF2DF3551B798FB20072200F /* Super Eyes.app */ = {isa = PBXFileReference; explicitFileType = wrapper.application; includeInIndex = 0; path = "Super Eyes.app"; sourceTree = BUILT_PRODUCTS_DIR; };
		AF2DF3591B798FB20072200F /* Info.plist */ = {isa = PBXFileReference; lastKnownFileType = text.plist.xml; path = Info.plist; sourceTree = "<group>"; };
		AF2DF35A1B798FB20072200F /* main.m */ = {isa = PBXFileReference; lastKnownFileType = sourcecode.c.objc; path = main.m; sourceTree = "<group>"; };
		AF2DF35C1B798FB20072200F /* AppDelegate.h */ = {isa = PBXFileReference; lastKnownFileType = sourcecode.c.h; path = AppDelegate.h; sourceTree = "<group>"; };
		AF2DF35D1B798FB20072200F /* AppDelegate.m */ = {isa = PBXFileReference; lastKnownFileType = sourcecode.c.objc; path = AppDelegate.m; sourceTree = "<group>"; };
		AF2DF35F1B798FB20072200F /* HomeViewController.h */ = {isa = PBXFileReference; lastKnownFileType = sourcecode.c.h; path = HomeViewController.h; sourceTree = "<group>"; };
		AF2DF3601B798FB20072200F /* HomeViewController.m */ = {isa = PBXFileReference; lastKnownFileType = sourcecode.c.objc; path = HomeViewController.m; sourceTree = "<group>"; };
		AF2DF3631B798FB20072200F /* Base */ = {isa = PBXFileReference; lastKnownFileType = file.storyboard; name = Base; path = Base.lproj/Main.storyboard; sourceTree = "<group>"; };
		AF2DF3651B798FB20072200F /* Images.xcassets */ = {isa = PBXFileReference; lastKnownFileType = folder.assetcatalog; path = Images.xcassets; sourceTree = "<group>"; };
		AF2DF3681B798FB20072200F /* Base */ = {isa = PBXFileReference; lastKnownFileType = file.xib; name = Base; path = Base.lproj/LaunchScreen.xib; sourceTree = "<group>"; };
		AF2DF36E1B798FB20072200F /* Super EyesTests.xctest */ = {isa = PBXFileReference; explicitFileType = wrapper.cfbundle; includeInIndex = 0; path = "Super EyesTests.xctest"; sourceTree = BUILT_PRODUCTS_DIR; };
		AF2DF3731B798FB20072200F /* Info.plist */ = {isa = PBXFileReference; lastKnownFileType = text.plist.xml; path = Info.plist; sourceTree = "<group>"; };
		AF2DF3741B798FB20072200F /* DifferentColorTests.m */ = {isa = PBXFileReference; lastKnownFileType = sourcecode.c.objc; path = DifferentColorTests.m; sourceTree = "<group>"; };
		AF2DF37E1B79D3200072200F /* PlayViewController.h */ = {isa = PBXFileReference; fileEncoding = 4; lastKnownFileType = sourcecode.c.h; path = PlayViewController.h; sourceTree = "<group>"; };
		AF2DF37F1B79D3200072200F /* PlayViewController.m */ = {isa = PBXFileReference; fileEncoding = 4; lastKnownFileType = sourcecode.c.objc; path = PlayViewController.m; sourceTree = "<group>"; };
		AFC936741B7B32F2004BD7D3 /* btn_about.png */ = {isa = PBXFileReference; lastKnownFileType = image.png; name = btn_about.png; path = ../../100Perfect/100Perfect/btn_about.png; sourceTree = "<group>"; };
		AFC936751B7B32F2004BD7D3 /* btn_back.png */ = {isa = PBXFileReference; lastKnownFileType = image.png; name = btn_back.png; path = ../../100Perfect/100Perfect/btn_back.png; sourceTree = "<group>"; };
		AFC936761B7B32F2004BD7D3 /* btn_fb.png */ = {isa = PBXFileReference; lastKnownFileType = image.png; name = btn_fb.png; path = ../../100Perfect/100Perfect/btn_fb.png; sourceTree = "<group>"; };
		AFC936771B7B32F2004BD7D3 /* btn_gamecenter.png */ = {isa = PBXFileReference; lastKnownFileType = image.png; name = btn_gamecenter.png; path = ../../100Perfect/100Perfect/btn_gamecenter.png; sourceTree = "<group>"; };
		AFC936781B7B32F2004BD7D3 /* btn_mute.png */ = {isa = PBXFileReference; lastKnownFileType = image.png; name = btn_mute.png; path = ../../100Perfect/100Perfect/btn_mute.png; sourceTree = "<group>"; };
		AFC936791B7B32F2004BD7D3 /* btn_play.png */ = {isa = PBXFileReference; lastKnownFileType = image.png; name = btn_play.png; path = ../../100Perfect/100Perfect/btn_play.png; sourceTree = "<group>"; };
		AFC9367A1B7B32F2004BD7D3 /* btn_rate.png */ = {isa = PBXFileReference; lastKnownFileType = image.png; name = btn_rate.png; path = ../../100Perfect/100Perfect/btn_rate.png; sourceTree = "<group>"; };
		AFC9367B1B7B32F2004BD7D3 /* btn_unmute.png */ = {isa = PBXFileReference; lastKnownFileType = image.png; name = btn_unmute.png; path = ../../100Perfect/100Perfect/btn_unmute.png; sourceTree = "<group>"; };
		AFC936841B7B33ED004BD7D3 /* Configuration.h */ = {isa = PBXFileReference; fileEncoding = 4; lastKnownFileType = sourcecode.c.h; path = Configuration.h; sourceTree = "<group>"; };
		AFC936851B7B33ED004BD7D3 /* Configuration.m */ = {isa = PBXFileReference; fileEncoding = 4; lastKnownFileType = sourcecode.c.objc; path = Configuration.m; sourceTree = "<group>"; };
		AFC936871B7B3435004BD7D3 /* SoundController.h */ = {isa = PBXFileReference; fileEncoding = 4; lastKnownFileType = sourcecode.c.h; path = SoundController.h; sourceTree = "<group>"; };
		AFC936881B7B3435004BD7D3 /* SoundController.m */ = {isa = PBXFileReference; fileEncoding = 4; lastKnownFileType = sourcecode.c.objc; path = SoundController.m; sourceTree = "<group>"; };
		AFC9368B1B7B3459004BD7D3 /* click.mp3 */ = {isa = PBXFileReference; lastKnownFileType = audio.mp3; path = click.mp3; sourceTree = "<group>"; };
		AFC9368C1B7B3459004BD7D3 /* congratulation.mp3 */ = {isa = PBXFileReference; lastKnownFileType = audio.mp3; path = congratulation.mp3; sourceTree = "<group>"; };
		AFC9368D1B7B3459004BD7D3 /* correct.mp3 */ = {isa = PBXFileReference; lastKnownFileType = audio.mp3; path = correct.mp3; sourceTree = "<group>"; };
		AFC9368E1B7B3459004BD7D3 /* gameover.mp3 */ = {isa = PBXFileReference; lastKnownFileType = audio.mp3; path = gameover.mp3; sourceTree = "<group>"; };
		AFC936931B7B347F004BD7D3 /* data.plist */ = {isa = PBXFileReference; fileEncoding = 4; lastKnownFileType = text.plist.xml; path = data.plist; sourceTree = "<group>"; };
/* End PBXFileReference section */

/* Begin PBXFrameworksBuildPhase section */
		AF2DF3521B798FB20072200F /* Frameworks */ = {
			isa = PBXFrameworksBuildPhase;
			buildActionMask = 2147483647;
			files = (
			);
			runOnlyForDeploymentPostprocessing = 0;
		};
		AF2DF36B1B798FB20072200F /* Frameworks */ = {
			isa = PBXFrameworksBuildPhase;
			buildActionMask = 2147483647;
			files = (
			);
			runOnlyForDeploymentPostprocessing = 0;
		};
/* End PBXFrameworksBuildPhase section */

/* Begin PBXGroup section */
		AF2DF34C1B798FB10072200F = {
			isa = PBXGroup;
			children = (
				AF2DF3571B798FB20072200F /* Super Eyes */,
				AF2DF3711B798FB20072200F /* DifferentColorTests */,
				AF2DF3561B798FB20072200F /* Products */,
			);
			sourceTree = "<group>";
		};
		AF2DF3561B798FB20072200F /* Products */ = {
			isa = PBXGroup;
			children = (
				AF2DF3551B798FB20072200F /* Super Eyes.app */,
				AF2DF36E1B798FB20072200F /* Super EyesTests.xctest */,
			);
			name = Products;
			sourceTree = "<group>";
		};
		AF2DF3571B798FB20072200F /* Super Eyes */ = {
			isa = PBXGroup;
			children = (
				AFC936871B7B3435004BD7D3 /* SoundController.h */,
				AFC936881B7B3435004BD7D3 /* SoundController.m */,
				AFC936841B7B33ED004BD7D3 /* Configuration.h */,
				AFC936851B7B33ED004BD7D3 /* Configuration.m */,
				AF2DF35C1B798FB20072200F /* AppDelegate.h */,
				AF2DF35D1B798FB20072200F /* AppDelegate.m */,
				AF2DF35F1B798FB20072200F /* HomeViewController.h */,
				AF2DF3601B798FB20072200F /* HomeViewController.m */,
				AF2DF37E1B79D3200072200F /* PlayViewController.h */,
				AF2DF37F1B79D3200072200F /* PlayViewController.m */,
				AF2DF3621B798FB20072200F /* Main.storyboard */,
				AF2DF3651B798FB20072200F /* Images.xcassets */,
				AF2DF3671B798FB20072200F /* LaunchScreen.xib */,
				AF2DF3581B798FB20072200F /* Supporting Files */,
			);
			name = "Super Eyes";
			path = DifferentColor;
			sourceTree = "<group>";
		};
		AF2DF3581B798FB20072200F /* Supporting Files */ = {
			isa = PBXGroup;
			children = (
				AFC9368A1B7B343A004BD7D3 /* audios */,
				AFC936731B7B32D9004BD7D3 /* iamges */,
				AF2DF3591B798FB20072200F /* Info.plist */,
				AF2DF35A1B798FB20072200F /* main.m */,
				AFC936931B7B347F004BD7D3 /* data.plist */,
			);
			name = "Supporting Files";
			sourceTree = "<group>";
		};
		AF2DF3711B798FB20072200F /* DifferentColorTests */ = {
			isa = PBXGroup;
			children = (
				AF2DF3741B798FB20072200F /* DifferentColorTests.m */,
				AF2DF3721B798FB20072200F /* Supporting Files */,
			);
			path = DifferentColorTests;
			sourceTree = "<group>";
		};
		AF2DF3721B798FB20072200F /* Supporting Files */ = {
			isa = PBXGroup;
			children = (
				AF2DF3731B798FB20072200F /* Info.plist */,
			);
			name = "Supporting Files";
			sourceTree = "<group>";
		};
		AFC936731B7B32D9004BD7D3 /* iamges */ = {
			isa = PBXGroup;
			children = (
				AFC936741B7B32F2004BD7D3 /* btn_about.png */,
				AFC936751B7B32F2004BD7D3 /* btn_back.png */,
				AFC936761B7B32F2004BD7D3 /* btn_fb.png */,
				AFC936771B7B32F2004BD7D3 /* btn_gamecenter.png */,
				AFC936781B7B32F2004BD7D3 /* btn_mute.png */,
				AFC936791B7B32F2004BD7D3 /* btn_play.png */,
				AFC9367A1B7B32F2004BD7D3 /* btn_rate.png */,
				AFC9367B1B7B32F2004BD7D3 /* btn_unmute.png */,
			);
			name = iamges;
			sourceTree = "<group>";
		};
		AFC9368A1B7B343A004BD7D3 /* audios */ = {
			isa = PBXGroup;
			children = (
				AFC9368B1B7B3459004BD7D3 /* click.mp3 */,
				AFC9368C1B7B3459004BD7D3 /* congratulation.mp3 */,
				AFC9368D1B7B3459004BD7D3 /* correct.mp3 */,
				AFC9368E1B7B3459004BD7D3 /* gameover.mp3 */,
			);
			name = audios;
			sourceTree = "<group>";
		};
/* End PBXGroup section */

/* Begin PBXNativeTarget section */
		AF2DF3541B798FB20072200F /* Super Eyes */ = {
			isa = PBXNativeTarget;
			buildConfigurationList = AF2DF3781B798FB20072200F /* Build configuration list for PBXNativeTarget "Super Eyes" */;
			buildPhases = (
				AF2DF3511B798FB20072200F /* Sources */,
				AF2DF3521B798FB20072200F /* Frameworks */,
				AF2DF3531B798FB20072200F /* Resources */,
			);
			buildRules = (
			);
			dependencies = (
			);
			name = "Super Eyes";
			productName = DifferentColor;
			productReference = AF2DF3551B798FB20072200F /* Super Eyes.app */;
			productType = "com.apple.product-type.application";
		};
		AF2DF36D1B798FB20072200F /* Super EyesTests */ = {
			isa = PBXNativeTarget;
			buildConfigurationList = AF2DF37B1B798FB20072200F /* Build configuration list for PBXNativeTarget "Super EyesTests" */;
			buildPhases = (
				AF2DF36A1B798FB20072200F /* Sources */,
				AF2DF36B1B798FB20072200F /* Frameworks */,
				AF2DF36C1B798FB20072200F /* Resources */,
			);
			buildRules = (
			);
			dependencies = (
				AF2DF3701B798FB20072200F /* PBXTargetDependency */,
			);
			name = "Super EyesTests";
			productName = DifferentColorTests;
			productReference = AF2DF36E1B798FB20072200F /* Super EyesTests.xctest */;
			productType = "com.apple.product-type.bundle.unit-test";
		};
/* End PBXNativeTarget section */

/* Begin PBXProject section */
		AF2DF34D1B798FB10072200F /* Project object */ = {
			isa = PBXProject;
			attributes = {
				LastUpgradeCheck = 0640;
				ORGANIZATIONNAME = "Nguyễn Thế Bình";
				TargetAttributes = {
					AF2DF3541B798FB20072200F = {
						CreatedOnToolsVersion = 6.4;
					};
					AF2DF36D1B798FB20072200F = {
						CreatedOnToolsVersion = 6.4;
						TestTargetID = AF2DF3541B798FB20072200F;
					};
				};
			};
			buildConfigurationList = AF2DF3501B798FB10072200F /* Build configuration list for PBXProject "Super Eyes" */;
			compatibilityVersion = "Xcode 3.2";
			developmentRegion = English;
			hasScannedForEncodings = 0;
			knownRegions = (
				en,
				Base,
			);
			mainGroup = AF2DF34C1B798FB10072200F;
			productRefGroup = AF2DF3561B798FB20072200F /* Products */;
			projectDirPath = "";
			projectRoot = "";
			targets = (
				AF2DF3541B798FB20072200F /* Super Eyes */,
				AF2DF36D1B798FB20072200F /* Super EyesTests */,
			);
		};
/* End PBXProject section */

/* Begin PBXResourcesBuildPhase section */
		AF2DF3531B798FB20072200F /* Resources */ = {
			isa = PBXResourcesBuildPhase;
			buildActionMask = 2147483647;
			files = (
				AFC936821B7B32F2004BD7D3 /* btn_rate.png in Resources */,
				AFC936901B7B3459004BD7D3 /* congratulation.mp3 in Resources */,
				AFC9367E1B7B32F2004BD7D3 /* btn_fb.png in Resources */,
				AF2DF3641B798FB20072200F /* Main.storyboard in Resources */,
				AF2DF3691B798FB20072200F /* LaunchScreen.xib in Resources */,
				AFC936911B7B3459004BD7D3 /* correct.mp3 in Resources */,
				AFC936831B7B32F2004BD7D3 /* btn_unmute.png in Resources */,
				AFC9367C1B7B32F2004BD7D3 /* btn_about.png in Resources */,
				AFC9367F1B7B32F2004BD7D3 /* btn_gamecenter.png in Resources */,
				AFC936801B7B32F2004BD7D3 /* btn_mute.png in Resources */,
				AF2DF3661B798FB20072200F /* Images.xcassets in Resources */,
				AFC936921B7B3459004BD7D3 /* gameover.mp3 in Resources */,
				AFC936941B7B347F004BD7D3 /* data.plist in Resources */,
				AFC9368F1B7B3459004BD7D3 /* click.mp3 in Resources */,
				AFC936811B7B32F2004BD7D3 /* btn_play.png in Resources */,
				AFC9367D1B7B32F2004BD7D3 /* btn_back.png in Resources */,
			);
			runOnlyForDeploymentPostprocessing = 0;
		};
		AF2DF36C1B798FB20072200F /* Resources */ = {
			isa = PBXResourcesBuildPhase;
			buildActionMask = 2147483647;
			files = (
			);
			runOnlyForDeploymentPostprocessing = 0;
		};
/* End PBXResourcesBuildPhase section */

/* Begin PBXSourcesBuildPhase section */
		AF2DF3511B798FB20072200F /* Sources */ = {
			isa = PBXSourcesBuildPhase;
			buildActionMask = 2147483647;
			files = (
				AFC936861B7B33ED004BD7D3 /* Configuration.m in Sources */,
				AF2DF3611B798FB20072200F /* HomeViewController.m in Sources */,
				AF2DF35E1B798FB20072200F /* AppDelegate.m in Sources */,
				AF2DF3801B79D3200072200F /* PlayViewController.m in Sources */,
				AF2DF35B1B798FB20072200F /* main.m in Sources */,
				AFC936891B7B3435004BD7D3 /* SoundController.m in Sources */,
			);
			runOnlyForDeploymentPostprocessing = 0;
		};
		AF2DF36A1B798FB20072200F /* Sources */ = {
			isa = PBXSourcesBuildPhase;
			buildActionMask = 2147483647;
			files = (
				AF2DF3751B798FB20072200F /* DifferentColorTests.m in Sources */,
			);
			runOnlyForDeploymentPostprocessing = 0;
		};
/* End PBXSourcesBuildPhase section */

/* Begin PBXTargetDependency section */
		AF2DF3701B798FB20072200F /* PBXTargetDependency */ = {
			isa = PBXTargetDependency;
			target = AF2DF3541B798FB20072200F /* Super Eyes */;
			targetProxy = AF2DF36F1B798FB20072200F /* PBXContainerItemProxy */;
		};
/* End PBXTargetDependency section */

/* Begin PBXVariantGroup section */
		AF2DF3621B798FB20072200F /* Main.storyboard */ = {
			isa = PBXVariantGroup;
			children = (
				AF2DF3631B798FB20072200F /* Base */,
			);
			name = Main.storyboard;
			sourceTree = "<group>";
		};
		AF2DF3671B798FB20072200F /* LaunchScreen.xib */ = {
			isa = PBXVariantGroup;
			children = (
				AF2DF3681B798FB20072200F /* Base */,
			);
			name = LaunchScreen.xib;
			sourceTree = "<group>";
		};
/* End PBXVariantGroup section */

/* Begin XCBuildConfiguration section */
		AF2DF3761B798FB20072200F /* Debug */ = {
			isa = XCBuildConfiguration;
			buildSettings = {
				ALWAYS_SEARCH_USER_PATHS = NO;
				CLANG_CXX_LANGUAGE_STANDARD = "gnu++0x";
				CLANG_CXX_LIBRARY = "libc++";
				CLANG_ENABLE_MODULES = YES;
				CLANG_ENABLE_OBJC_ARC = YES;
				CLANG_WARN_BOOL_CONVERSION = YES;
				CLANG_WARN_CONSTANT_CONVERSION = YES;
				CLANG_WARN_DIRECT_OBJC_ISA_USAGE = YES_ERROR;
				CLANG_WARN_EMPTY_BODY = YES;
				CLANG_WARN_ENUM_CONVERSION = YES;
				CLANG_WARN_INT_CONVERSION = YES;
				CLANG_WARN_OBJC_ROOT_CLASS = YES_ERROR;
				CLANG_WARN_UNREACHABLE_CODE = YES;
				CLANG_WARN__DUPLICATE_METHOD_MATCH = YES;
				"CODE_SIGN_IDENTITY[sdk=iphoneos*]" = "iPhone Developer";
				COPY_PHASE_STRIP = NO;
				DEBUG_INFORMATION_FORMAT = "dwarf-with-dsym";
				ENABLE_STRICT_OBJC_MSGSEND = YES;
				GCC_C_LANGUAGE_STANDARD = gnu99;
				GCC_DYNAMIC_NO_PIC = NO;
				GCC_NO_COMMON_BLOCKS = YES;
				GCC_OPTIMIZATION_LEVEL = 0;
				GCC_PREPROCESSOR_DEFINITIONS = (
					"DEBUG=1",
					"$(inherited)",
				);
				GCC_SYMBOLS_PRIVATE_EXTERN = NO;
				GCC_WARN_64_TO_32_BIT_CONVERSION = YES;
				GCC_WARN_ABOUT_RETURN_TYPE = YES_ERROR;
				GCC_WARN_UNDECLARED_SELECTOR = YES;
				GCC_WARN_UNINITIALIZED_AUTOS = YES_AGGRESSIVE;
				GCC_WARN_UNUSED_FUNCTION = YES;
				GCC_WARN_UNUSED_VARIABLE = YES;
				IPHONEOS_DEPLOYMENT_TARGET = 8.4;
				MTL_ENABLE_DEBUG_INFO = YES;
				ONLY_ACTIVE_ARCH = YES;
				SDKROOT = iphoneos;
				TARGETED_DEVICE_FAMILY = "1,2";
			};
			name = Debug;
		};
		AF2DF3771B798FB20072200F /* Release */ = {
			isa = XCBuildConfiguration;
			buildSettings = {
				ALWAYS_SEARCH_USER_PATHS = NO;
				CLANG_CXX_LANGUAGE_STANDARD = "gnu++0x";
				CLANG_CXX_LIBRARY = "libc++";
				CLANG_ENABLE_MODULES = YES;
				CLANG_ENABLE_OBJC_ARC = YES;
				CLANG_WARN_BOOL_CONVERSION = YES;
				CLANG_WARN_CONSTANT_CONVERSION = YES;
				CLANG_WARN_DIRECT_OBJC_ISA_USAGE = YES_ERROR;
				CLANG_WARN_EMPTY_BODY = YES;
				CLANG_WARN_ENUM_CONVERSION = YES;
				CLANG_WARN_INT_CONVERSION = YES;
				CLANG_WARN_OBJC_ROOT_CLASS = YES_ERROR;
				CLANG_WARN_UNREACHABLE_CODE = YES;
				CLANG_WARN__DUPLICATE_METHOD_MATCH = YES;
				"CODE_SIGN_IDENTITY[sdk=iphoneos*]" = "iPhone Developer";
				COPY_PHASE_STRIP = NO;
				DEBUG_INFORMATION_FORMAT = "dwarf-with-dsym";
				ENABLE_NS_ASSERTIONS = NO;
				ENABLE_STRICT_OBJC_MSGSEND = YES;
				GCC_C_LANGUAGE_STANDARD = gnu99;
				GCC_NO_COMMON_BLOCKS = YES;
				GCC_WARN_64_TO_32_BIT_CONVERSION = YES;
				GCC_WARN_ABOUT_RETURN_TYPE = YES_ERROR;
				GCC_WARN_UNDECLARED_SELECTOR = YES;
				GCC_WARN_UNINITIALIZED_AUTOS = YES_AGGRESSIVE;
				GCC_WARN_UNUSED_FUNCTION = YES;
				GCC_WARN_UNUSED_VARIABLE = YES;
				IPHONEOS_DEPLOYMENT_TARGET = 8.4;
				MTL_ENABLE_DEBUG_INFO = NO;
				SDKROOT = iphoneos;
				TARGETED_DEVICE_FAMILY = "1,2";
				VALIDATE_PRODUCT = YES;
			};
			name = Release;
		};
		AF2DF3791B798FB20072200F /* Debug */ = {
			isa = XCBuildConfiguration;
			buildSettings = {
				ASSETCATALOG_COMPILER_APPICON_NAME = AppIcon;
				INFOPLIST_FILE = DifferentColor/Info.plist;
				LD_RUNPATH_SEARCH_PATHS = "$(inherited) @executable_path/Frameworks";
				PRODUCT_NAME = "Super Eyes";
			};
			name = Debug;
		};
		AF2DF37A1B798FB20072200F /* Release */ = {
			isa = XCBuildConfiguration;
			buildSettings = {
				ASSETCATALOG_COMPILER_APPICON_NAME = AppIcon;
				INFOPLIST_FILE = DifferentColor/Info.plist;
				LD_RUNPATH_SEARCH_PATHS = "$(inherited) @executable_path/Frameworks";
				PRODUCT_NAME = "Super Eyes";
			};
			name = Release;
		};
		AF2DF37C1B798FB20072200F /* Debug */ = {
			isa = XCBuildConfiguration;
			buildSettings = {
				BUNDLE_LOADER = "$(TEST_HOST)";
				FRAMEWORK_SEARCH_PATHS = (
					"$(SDKROOT)/Developer/Library/Frameworks",
					"$(inherited)",
				);
				GCC_PREPROCESSOR_DEFINITIONS = (
					"DEBUG=1",
					"$(inherited)",
				);
				INFOPLIST_FILE = DifferentColorTests/Info.plist;
				LD_RUNPATH_SEARCH_PATHS = "$(inherited) @executable_path/Frameworks @loader_path/Frameworks";
				PRODUCT_NAME = "Super EyesTests";
				TEST_HOST = "$(BUILT_PRODUCTS_DIR)/DifferentColor.app/DifferentColor";
			};
			name = Debug;
		};
		AF2DF37D1B798FB20072200F /* Release */ = {
			isa = XCBuildConfiguration;
			buildSettings = {
				BUNDLE_LOADER = "$(TEST_HOST)";
				FRAMEWORK_SEARCH_PATHS = (
					"$(SDKROOT)/Developer/Library/Frameworks",
					"$(inherited)",
				);
				INFOPLIST_FILE = DifferentColorTests/Info.plist;
				LD_RUNPATH_SEARCH_PATHS = "$(inherited) @executable_path/Frameworks @loader_path/Frameworks";
				PRODUCT_NAME = "Super EyesTests";
				TEST_HOST = "$(BUILT_PRODUCTS_DIR)/DifferentColor.app/DifferentColor";
			};
			name = Release;
		};
/* End XCBuildConfiguration section */

/* Begin XCConfigurationList section */
		AF2DF3501B798FB10072200F /* Build configuration list for PBXProject "Super Eyes" */ = {
			isa = XCConfigurationList;
			buildConfigurations = (
				AF2DF3761B798FB20072200F /* Debug */,
				AF2DF3771B798FB20072200F /* Release */,
			);
			defaultConfigurationIsVisible = 0;
			defaultConfigurationName = Release;
		};
		AF2DF3781B798FB20072200F /* Build configuration list for PBXNativeTarget "Super Eyes" */ = {
			isa = XCConfigurationList;
			buildConfigurations = (
				AF2DF3791B798FB20072200F /* Debug */,
				AF2DF37A1B798FB20072200F /* Release */,
			);
			defaultConfigurationIsVisible = 0;
			defaultConfigurationName = Release;
		};
		AF2DF37B1B798FB20072200F /* Build configuration list for PBXNativeTarget "Super EyesTests" */ = {
			isa = XCConfigurationList;
			buildConfigurations = (
				AF2DF37C1B798FB20072200F /* Debug */,
				AF2DF37D1B798FB20072200F /* Release */,
			);
			defaultConfigurationIsVisible = 0;
			defaultConfigurationName = Release;
		};
/* End XCConfigurationList section */
	};
	rootObject = AF2DF34D1B798FB10072200F /* Project object */;
}
